// !$*UTF8*$!
{
	archiveVersion = 1;
	classes = {
	};
	objectVersion = 54;
	objects = {

/* Begin PBXBuildFile section */
		"0CB395C8-6070-4389-8C1A-E5B2ADB4E0ED" /* radioWindow.cpp in Sources */ = {isa = PBXBuildFile; fileRef = "C471BF35-3763-4EE0-9C45-24406AA30854" /* radioWindow.cpp */; };
		"13F1F393-6038-46AA-A785-E487AB66CF01" /* splitGrid.cpp in Sources */ = {isa = PBXBuildFile; fileRef = "369ED48D-A3FB-43D6-BE55-08CE80A40C1B" /* splitGrid.cpp */; };
		"191BF443-2E57-42B4-9A7D-BB172CAF5690" /* ofxFontStash.cpp in Sources */ = {isa = PBXBuildFile; fileRef = "5867F010-15EE-48A7-9268-17D1CDC134DE" /* ofxFontStash.cpp */; };
		"20D7D7A2-9082-4EC0-ACC9-ECCDAABA99C4" /* blackCover.cpp in Sources */ = {isa = PBXBuildFile; fileRef = "C6ECB506-3C09-485A-B14B-B0B242D8F65E" /* blackCover.cpp */; };
		"2726B851-B9EC-42E1-A086-8A32C3066BB1" /* marginBand.cpp in Sources */ = {isa = PBXBuildFile; fileRef = "9D36898F-BB52-4C9D-AFE1-5803BCFD04AB" /* marginBand.cpp */; };
		"2CF4B516-6136-4F20-A7CF-E6A1D7924434" /* fromDip.cpp in Sources */ = {isa = PBXBuildFile; fileRef = "2A84BE77-4EDD-4D05-B651-51FB180E37A9" /* fromDip.cpp */; };
		"334D3A8B-A0ED-466C-8FC2-A26947AD5C6E" /* stb_truetype.c in Sources */ = {isa = PBXBuildFile; fileRef = "82F40B04-36EA-42B7-AE8B-D5B9EA91D103" /* stb_truetype.c */; };
		"34E9EEAA-7A01-4FD9-97B4-B14FC99A6059" /* noizArc.cpp in Sources */ = {isa = PBXBuildFile; fileRef = "2C399568-F807-4EBA-901B-02ED8F24D448" /* noizArc.cpp */; };
		"37AFB7BA-B1A2-4F56-B4EE-3FEC52C1F6F4" /* wordCloud.cpp in Sources */ = {isa = PBXBuildFile; fileRef = "9C09DC63-66CB-4EAE-B729-4DA080AA8502" /* wordCloud.cpp */; };
		"45880438-D97A-4C15-9C23-D0CC76FBBD6E" /* pressRoom.cpp in Sources */ = {isa = PBXBuildFile; fileRef = "1FBD02C0-7E63-4585-B5A5-106A17FDA5E3" /* pressRoom.cpp */; };
		"5146B4D8-DBCA-47E7-87B7-02FDE3684DA9" /* HStack.cpp in Sources */ = {isa = PBXBuildFile; fileRef = "CA54D0AB-5591-409A-BCC7-0E46E5B167CD" /* HStack.cpp */; };
		"5583322D-B832-4E60-AC0B-5EC6B8C60910" /* rapFlee.cpp in Sources */ = {isa = PBXBuildFile; fileRef = "97F5A95D-1863-4E73-9FC0-E5EF0031A4FF" /* rapFlee.cpp */; };
		"62FD86EB-0FBB-45B2-BFA8-F6988485FE28" /* flashCover.cpp in Sources */ = {isa = PBXBuildFile; fileRef = "68E39800-A830-41D6-9D93-C435348E6861" /* flashCover.cpp */; };
		"6604FD02-4468-4D65-AF72-CFF255DE28AE" /* rollingRoll.cpp in Sources */ = {isa = PBXBuildFile; fileRef = "04E4AF53-E058-449E-85BE-0FCC5EAE87C2" /* rollingRoll.cpp */; };
		"66513628-C4DA-499B-B12E-7EC60822A1D3" /* fontstash.c in Sources */ = {isa = PBXBuildFile; fileRef = "3573404B-CB05-4ADE-8AF2-8D1EEF37BF62" /* fontstash.c */; };
		"7337EAD2-FA76-43ED-BA01-392285B5845B" /* slitShut.cpp in Sources */ = {isa = PBXBuildFile; fileRef = "992E31D0-9FFB-409E-A374-F0729C390E78" /* slitShut.cpp */; };
		"7AEB56BE-CFD6-4C4F-925A-4E5876231D45" /* ofxTskokmtMath.cpp in Sources */ = {isa = PBXBuildFile; fileRef = "E8D097F3-4765-4CFC-AA9A-2339725D72BF" /* ofxTskokmtMath.cpp */; };
		"8AAD0AA8-15A2-45EB-8FE4-DF99E0B0E106" /* pikaCover.cpp in Sources */ = {isa = PBXBuildFile; fileRef = "4471BA85-E346-41C0-9F40-453C1563FD12" /* pikaCover.cpp */; };
		"95D51EC2-4CE8-4232-9820-E9D6D135AA91" /* colorCloud.cpp in Sources */ = {isa = PBXBuildFile; fileRef = "CA8A8DE1-CEE1-4DF6-B0A2-3C1D60BE7FD4" /* colorCloud.cpp */; };
		"98DC3407-A3E4-4EA9-94B5-1193C5663543" /* ofxTskokmtFont.cpp in Sources */ = {isa = PBXBuildFile; fileRef = "CEAEFC9C-E06E-4305-B7DA-7D3CE2DB97C7" /* ofxTskokmtFont.cpp */; };
		"A08F13D8-E5DF-460E-98D7-23CB29D66D59" /* twoTone.cpp in Sources */ = {isa = PBXBuildFile; fileRef = "C2D4EC92-68F9-4708-8AB5-FBB71C1FCEB7" /* twoTone.cpp */; };
		"A1FA6019-CE66-4A4C-A57B-09D40697E27A" /* synMeme.cpp in Sources */ = {isa = PBXBuildFile; fileRef = "28B4274F-9765-4F27-AA6E-945D53F18F29" /* synMeme.cpp */; };
		"A8AB60CA-7965-49B0-8E2A-1E9F4DAEA2C0" /* objectOS.cpp in Sources */ = {isa = PBXBuildFile; fileRef = "507B4C43-AC34-43F9-BCC0-662ED6362EBF" /* objectOS.cpp */; };
		"AC6F5A92-7512-4C4D-8D40-977E3CC43130" /* VStack.cpp in Sources */ = {isa = PBXBuildFile; fileRef = "996A79D9-0482-4E4D-8F3E-B58DD35ECAA5" /* VStack.cpp */; };
		"B8F16CA9-8690-4D94-B7C6-A52B020E75FB" /* fragScreen.cpp in Sources */ = {isa = PBXBuildFile; fileRef = "4376255B-E00A-4BF0-8B34-08908851DB89" /* fragScreen.cpp */; };
		"BAA95894-5E55-4C8D-A47B-783196994D1E" /* zigZig.cpp in Sources */ = {isa = PBXBuildFile; fileRef = "4F321549-5320-464C-ABBA-866631EDD53C" /* zigZig.cpp */; };
		"C1283F51-F25F-4ABB-988C-EE7E0BF53DC9" /* emergeScreen.cpp in Sources */ = {isa = PBXBuildFile; fileRef = "711CE7EE-5868-419A-AEFE-F121AD89D3F8" /* emergeScreen.cpp */; };
		"C5EB0D1D-3446-447A-BFF2-E66BAF0D49B3" /* ofxSvg.cpp in Sources */ = {isa = PBXBuildFile; fileRef = "3B25A4AA-B4A3-46CD-A046-A20A649AC22B" /* ofxSvg.cpp */; };
		"C7421396-E4C6-4FE9-88BE-F7608B57E2C6" /* vipGrid.cpp in Sources */ = {isa = PBXBuildFile; fileRef = "AF622F83-A498-4EB5-AF82-DD9036DE3551" /* vipGrid.cpp */; };
		"C75D9CE2-2F3D-4067-9913-BAB3611F1DA2" /* colorWorld.cpp in Sources */ = {isa = PBXBuildFile; fileRef = "65A6BAF9-1F20-4A1B-9658-EAF528804B64" /* colorWorld.cpp */; };
		"CEB3EE4F-C865-4EA6-A833-218F90CD8C4D" /* slideGrid.cpp in Sources */ = {isa = PBXBuildFile; fileRef = "E715118A-D2A7-4F8F-96C3-521460F2D45C" /* slideGrid.cpp */; };
		"D146A04E-ED59-4C93-829A-52AEF7AC6688" /* criticalWindow.cpp in Sources */ = {isa = PBXBuildFile; fileRef = "223F70CC-CD70-4EB4-A196-80AFD9BDB7D7" /* criticalWindow.cpp */; };
		"D4B9B0BE-7E48-440D-BB1D-F19E0DF825FF" /* ofxTskokmtTranslator.cpp in Sources */ = {isa = PBXBuildFile; fileRef = "07835BB1-1EE3-4FFE-9934-E7ECBD8ED449" /* ofxTskokmtTranslator.cpp */; };
		"D6E0E228-5AF8-4DCD-9125-4AF59D6FA89D" /* boredomWindow.cpp in Sources */ = {isa = PBXBuildFile; fileRef = "DE87AE43-6DBA-45FA-8A6E-B7908225DDAB" /* boredomWindow.cpp */; };
		"DB586309-030B-4B4D-9703-63B042691B99" /* oddCover.cpp in Sources */ = {isa = PBXBuildFile; fileRef = "65254715-2571-494A-BC7E-2F3022B19AEC" /* oddCover.cpp */; };
		"E0433D77-4D56-4093-B210-2C0DBF81FEE4" /* pushGrid.cpp in Sources */ = {isa = PBXBuildFile; fileRef = "C5030843-CBF0-463C-99C7-CCA474F48B96" /* pushGrid.cpp */; };
		E4B69E200A3A1BDC003C02F2 /* main.cpp in Sources */ = {isa = PBXBuildFile; fileRef = E4B69E1D0A3A1BDC003C02F2 /* main.cpp */; };
		E4B69E210A3A1BDC003C02F2 /* ofApp.cpp in Sources */ = {isa = PBXBuildFile; fileRef = E4B69E1E0A3A1BDC003C02F2 /* ofApp.cpp */; };
		"EE3BFDC0-09DD-47A2-B0BD-4591AB710809" /* curvePara.cpp in Sources */ = {isa = PBXBuildFile; fileRef = "6EB66255-9113-4DC5-A454-5045F9AE72FA" /* curvePara.cpp */; };
		"FE073524-B2A6-4DE8-ACE1-84995C42C94F" /* alphaDelta.cpp in Sources */ = {isa = PBXBuildFile; fileRef = "95B7920D-04D8-4882-93F5-8C3898BA2422" /* alphaDelta.cpp */; };
/* End PBXBuildFile section */

/* Begin PBXCopyFilesBuildPhase section */
		E4A5B60F29BAAAE400C2D356 /* CopyFiles */ = {
			isa = PBXCopyFilesBuildPhase;
			buildActionMask = 2147483647;
			dstPath = "";
			dstSubfolderSpec = 6;
			files = (
			);
			runOnlyForDeploymentPostprocessing = 0;
		};
		E4C2427710CC5ABF004149E2 /* CopyFiles */ = {
			isa = PBXCopyFilesBuildPhase;
			buildActionMask = 2147483647;
			dstPath = "";
			dstSubfolderSpec = 10;
			files = (
			);
			runOnlyForDeploymentPostprocessing = 0;
		};
/* End PBXCopyFilesBuildPhase section */

/* Begin PBXFileReference section */
		"03607298-C227-44F8-BD7D-7D16F0CC6BCE" /* flashCover.h */ = {isa = PBXFileReference; explicitFileType = sourcecode.c.h; fileEncoding = 4; name = flashCover.h; path = src/modules/cover/flashCover.h; sourceTree = SOURCE_ROOT; };
		"04E4AF53-E058-449E-85BE-0FCC5EAE87C2" /* rollingRoll.cpp */ = {isa = PBXFileReference; explicitFileType = sourcecode.cpp.cpp; fileEncoding = 4; name = rollingRoll.cpp; path = src/modules/pixel/rollingRoll.cpp; sourceTree = SOURCE_ROOT; };
		"05EF4632-7C17-4AFA-A65A-8B53CE96AB71" /* c14n.h */ = {isa = PBXFileReference; explicitFileType = sourcecode.c.h; fileEncoding = 4; name = c14n.h; path = /Users/tskokmt/Downloads/of_v0.12.0_osx_release/addons/ofxSvg/libs/libxml2/include/libxml/c14n.h; sourceTree = SOURCE_ROOT; };
		"069FB968-4B64-4FFF-97E7-384344452C55" /* VStack.h */ = {isa = PBXFileReference; explicitFileType = sourcecode.c.h; fileEncoding = 4; name = VStack.h; path = src/addons/ofxFrameOcean/src/VStack.h; sourceTree = SOURCE_ROOT; };
		"07640FA8-515D-4553-B34C-95E99E5CB486" /* xmlregexp.h */ = {isa = PBXFileReference; explicitFileType = sourcecode.c.h; fileEncoding = 4; name = xmlregexp.h; path = /Users/tskokmt/Downloads/of_v0.12.0_osx_release/addons/ofxSvg/libs/libxml2/include/libxml/xmlregexp.h; sourceTree = SOURCE_ROOT; };
		"07835BB1-1EE3-4FFE-9934-E7ECBD8ED449" /* ofxTskokmtTranslator.cpp */ = {isa = PBXFileReference; explicitFileType = sourcecode.cpp.cpp; fileEncoding = 4; name = ofxTskokmtTranslator.cpp; path = src/addons/ofxTskokmtTranslator/src/ofxTskokmtTranslator.cpp; sourceTree = SOURCE_ROOT; };
		"0C1F8F2E-BFFB-4F81-9B6F-8E9ED0D6B6AD" /* oddCover.h */ = {isa = PBXFileReference; explicitFileType = sourcecode.c.h; fileEncoding = 4; name = oddCover.h; path = src/modules/cover/oddCover.h; sourceTree = SOURCE_ROOT; };
		"0E811D0D-D42F-4FDD-B3BB-6A2A66A53DD8" /* ofxFrameOcean.h */ = {isa = PBXFileReference; explicitFileType = sourcecode.c.h; fileEncoding = 4; name = ofxFrameOcean.h; path = src/addons/ofxFrameOcean/src/ofxFrameOcean.h; sourceTree = SOURCE_ROOT; };
		191CD6FA2847E21E0085CBB6 /* of.entitlements */ = {isa = PBXFileReference; fileEncoding = 4; lastKnownFileType = text.plist.entitlements; path = of.entitlements; sourceTree = "<group>"; };
		191EF70929D778A400F35F26 /* openFrameworks */ = {isa = PBXFileReference; lastKnownFileType = folder; name = openFrameworks; path = /Users/tskokmt/Downloads/of_v0.12.0_osx_release/libs/openFrameworks; sourceTree = SOURCE_ROOT; };
		"1C37E42F-8C85-4DA1-AE29-52D9F736690C" /* fontstash.h */ = {isa = PBXFileReference; explicitFileType = sourcecode.c.h; fileEncoding = 4; name = fontstash.h; path = /Users/tskokmt/Downloads/of_v0.12.0_osx_release/addons/ofxFontStash/libs/fontstash/src/fontstash.h; sourceTree = SOURCE_ROOT; };
		"1FBD02C0-7E63-4585-B5A5-106A17FDA5E3" /* pressRoom.cpp */ = {isa = PBXFileReference; explicitFileType = sourcecode.cpp.cpp; fileEncoding = 4; name = pressRoom.cpp; path = src/modules/pressRoom.cpp; sourceTree = SOURCE_ROOT; };
		"223F70CC-CD70-4EB4-A196-80AFD9BDB7D7" /* criticalWindow.cpp */ = {isa = PBXFileReference; explicitFileType = sourcecode.cpp.cpp; fileEncoding = 4; name = criticalWindow.cpp; path = src/modules/pixel/criticalWindow.cpp; sourceTree = SOURCE_ROOT; };
		"2568521D-17D8-4C5F-9D52-0776C3FF1AA7" /* xinclude.h */ = {isa = PBXFileReference; explicitFileType = sourcecode.c.h; fileEncoding = 4; name = xinclude.h; path = /Users/tskokmt/Downloads/of_v0.12.0_osx_release/addons/ofxSvg/libs/libxml2/include/libxml/xinclude.h; sourceTree = SOURCE_ROOT; };
		"28B4274F-9765-4F27-AA6E-945D53F18F29" /* synMeme.cpp */ = {isa = PBXFileReference; explicitFileType = sourcecode.cpp.cpp; fileEncoding = 4; name = synMeme.cpp; path = src/modules/pixel/synMeme.cpp; sourceTree = SOURCE_ROOT; };
		"2A84BE77-4EDD-4D05-B651-51FB180E37A9" /* fromDip.cpp */ = {isa = PBXFileReference; explicitFileType = sourcecode.cpp.cpp; fileEncoding = 4; name = fromDip.cpp; path = src/modules/pixel/fromDip.cpp; sourceTree = SOURCE_ROOT; };
		"2AB76716-0F5C-4844-9CA6-52A4290CB65D" /* parser.h */ = {isa = PBXFileReference; explicitFileType = sourcecode.c.h; fileEncoding = 4; name = parser.h; path = /Users/tskokmt/Downloads/of_v0.12.0_osx_release/addons/ofxSvg/libs/libxml2/include/libxml/parser.h; sourceTree = SOURCE_ROOT; };
		"2B9EE4EA-0172-48EE-96E1-DAB9064081B3" /* xmlmemory.h */ = {isa = PBXFileReference; explicitFileType = sourcecode.c.h; fileEncoding = 4; name = xmlmemory.h; path = /Users/tskokmt/Downloads/of_v0.12.0_osx_release/addons/ofxSvg/libs/libxml2/include/libxml/xmlmemory.h; sourceTree = SOURCE_ROOT; };
		"2BD8C882-1AD9-45A5-A754-2AA2074CFB76" /* xmlmodule.h */ = {isa = PBXFileReference; explicitFileType = sourcecode.c.h; fileEncoding = 4; name = xmlmodule.h; path = /Users/tskokmt/Downloads/of_v0.12.0_osx_release/addons/ofxSvg/libs/libxml2/include/libxml/xmlmodule.h; sourceTree = SOURCE_ROOT; };
		"2C399568-F807-4EBA-901B-02ED8F24D448" /* noizArc.cpp */ = {isa = PBXFileReference; explicitFileType = sourcecode.cpp.cpp; fileEncoding = 4; name = noizArc.cpp; path = src/modules/pixel/noizArc.cpp; sourceTree = SOURCE_ROOT; };
		"310E868A-DE35-4C6C-A70B-EF16DD32C00A" /* HTMLparser.h */ = {isa = PBXFileReference; explicitFileType = sourcecode.c.h; fileEncoding = 4; name = HTMLparser.h; path = /Users/tskokmt/Downloads/of_v0.12.0_osx_release/addons/ofxSvg/libs/libxml2/include/libxml/HTMLparser.h; sourceTree = SOURCE_ROOT; };
		"317F08F0-F4EE-4DA5-A88B-687FEE82E2B4" /* noizArc.h */ = {isa = PBXFileReference; explicitFileType = sourcecode.c.h; fileEncoding = 4; name = noizArc.h; path = src/modules/pixel/noizArc.h; sourceTree = SOURCE_ROOT; };
		"3297960F-A950-455E-AA65-5A6B45CDABFC" /* ofxTskokmtMath.h */ = {isa = PBXFileReference; explicitFileType = sourcecode.c.h; fileEncoding = 4; name = ofxTskokmtMath.h; path = src/addons/ofxTskokmtMath/src/ofxTskokmtMath.h; sourceTree = SOURCE_ROOT; };
		"32AA9FBE-AAF1-472B-80E9-3DECA451DD57" /* SAX2.h */ = {isa = PBXFileReference; explicitFileType = sourcecode.c.h; fileEncoding = 4; name = SAX2.h; path = /Users/tskokmt/Downloads/of_v0.12.0_osx_release/addons/ofxSvg/libs/libxml2/include/libxml/SAX2.h; sourceTree = SOURCE_ROOT; };
		"34A4766B-52F5-462A-A089-4CE362D2402F" /* debugXML.h */ = {isa = PBXFileReference; explicitFileType = sourcecode.c.h; fileEncoding = 4; name = debugXML.h; path = /Users/tskokmt/Downloads/of_v0.12.0_osx_release/addons/ofxSvg/libs/libxml2/include/libxml/debugXML.h; sourceTree = SOURCE_ROOT; };
		"3573404B-CB05-4ADE-8AF2-8D1EEF37BF62" /* fontstash.c */ = {isa = PBXFileReference; explicitFileType = sourcecode.c.c; fileEncoding = 4; name = fontstash.c; path = /Users/tskokmt/Downloads/of_v0.12.0_osx_release/addons/ofxFontStash/libs/fontstash/src/fontstash.c; sourceTree = SOURCE_ROOT; };
		"369ED48D-A3FB-43D6-BE55-08CE80A40C1B" /* splitGrid.cpp */ = {isa = PBXFileReference; explicitFileType = sourcecode.cpp.cpp; fileEncoding = 4; name = splitGrid.cpp; path = src/modules/screen/splitGrid.cpp; sourceTree = SOURCE_ROOT; };
		"378C46EC-F26C-41F4-AEEC-7BF49C3D82DE" /* SAX.h */ = {isa = PBXFileReference; explicitFileType = sourcecode.c.h; fileEncoding = 4; name = SAX.h; path = /Users/tskokmt/Downloads/of_v0.12.0_osx_release/addons/ofxSvg/libs/libxml2/include/libxml/SAX.h; sourceTree = SOURCE_ROOT; };
		"3972A3CA-AAC8-48BA-A30B-1B1154AC1F50" /* marginBand.h */ = {isa = PBXFileReference; explicitFileType = sourcecode.c.h; fileEncoding = 4; name = marginBand.h; path = src/addons/ofxFrameOcean/src/marginBand.h; sourceTree = SOURCE_ROOT; };
		"3991C542-8D77-4017-9234-44379DDB6BE9" /* DOCBparser.h */ = {isa = PBXFileReference; explicitFileType = sourcecode.c.h; fileEncoding = 4; name = DOCBparser.h; path = /Users/tskokmt/Downloads/of_v0.12.0_osx_release/addons/ofxSvg/libs/libxml2/include/libxml/DOCBparser.h; sourceTree = SOURCE_ROOT; };
		"39B57CB4-B59A-4180-8855-730D8F9B92BF" /* objectOS.h */ = {isa = PBXFileReference; explicitFileType = sourcecode.c.h; fileEncoding = 4; name = objectOS.h; path = src/objectOS.h; sourceTree = SOURCE_ROOT; };
		"3B25A4AA-B4A3-46CD-A046-A20A649AC22B" /* ofxSvg.cpp */ = {isa = PBXFileReference; explicitFileType = sourcecode.cpp.cpp; fileEncoding = 4; name = ofxSvg.cpp; path = /Users/tskokmt/Downloads/of_v0.12.0_osx_release/addons/ofxSvg/src/ofxSvg.cpp; sourceTree = SOURCE_ROOT; };
		"3BCD31B5-A734-46F9-A67F-D71581A0BFD9" /* vipGrid.h */ = {isa = PBXFileReference; explicitFileType = sourcecode.c.h; fileEncoding = 4; name = vipGrid.h; path = src/modules/screen/vipGrid.h; sourceTree = SOURCE_ROOT; };
		"3EDD7156-B3CE-42AC-9A1B-EA47AEDF59E1" /* encoding.h */ = {isa = PBXFileReference; explicitFileType = sourcecode.c.h; fileEncoding = 4; name = encoding.h; path = /Users/tskokmt/Downloads/of_v0.12.0_osx_release/addons/ofxSvg/libs/libxml2/include/libxml/encoding.h; sourceTree = SOURCE_ROOT; };
		"413C51C1-61E6-4ACC-80B5-291AC06595EB" /* pikaCover.h */ = {isa = PBXFileReference; explicitFileType = sourcecode.c.h; fileEncoding = 4; name = pikaCover.h; path = src/modules/cover/pikaCover.h; sourceTree = SOURCE_ROOT; };
		"4376255B-E00A-4BF0-8B34-08908851DB89" /* fragScreen.cpp */ = {isa = PBXFileReference; explicitFileType = sourcecode.cpp.cpp; fileEncoding = 4; name = fragScreen.cpp; path = src/modules/screen/fragScreen.cpp; sourceTree = SOURCE_ROOT; };
		"4471BA85-E346-41C0-9F40-453C1563FD12" /* pikaCover.cpp */ = {isa = PBXFileReference; explicitFileType = sourcecode.cpp.cpp; fileEncoding = 4; name = pikaCover.cpp; path = src/modules/cover/pikaCover.cpp; sourceTree = SOURCE_ROOT; };
		"45852D47-F072-4D7E-B02A-1B2BA3AA6818" /* xmlreader.h */ = {isa = PBXFileReference; explicitFileType = sourcecode.c.h; fileEncoding = 4; name = xmlreader.h; path = /Users/tskokmt/Downloads/of_v0.12.0_osx_release/addons/ofxSvg/libs/libxml2/include/libxml/xmlreader.h; sourceTree = SOURCE_ROOT; };
		"47162FD0-1BBB-4FED-903F-29BE393A3BC7" /* dict.h */ = {isa = PBXFileReference; explicitFileType = sourcecode.c.h; fileEncoding = 4; name = dict.h; path = /Users/tskokmt/Downloads/of_v0.12.0_osx_release/addons/ofxSvg/libs/libxml2/include/libxml/dict.h; sourceTree = SOURCE_ROOT; };
		"4717DB7C-0531-4016-859B-93EAD6E4F1F7" /* xmlautomata.h */ = {isa = PBXFileReference; explicitFileType = sourcecode.c.h; fileEncoding = 4; name = xmlautomata.h; path = /Users/tskokmt/Downloads/of_v0.12.0_osx_release/addons/ofxSvg/libs/libxml2/include/libxml/xmlautomata.h; sourceTree = SOURCE_ROOT; };
		"49E6850B-DEA1-40EF-A173-65BACFF90436" /* xmlexports.h */ = {isa = PBXFileReference; explicitFileType = sourcecode.c.h; fileEncoding = 4; name = xmlexports.h; path = /Users/tskokmt/Downloads/of_v0.12.0_osx_release/addons/ofxSvg/libs/libxml2/include/libxml/xmlexports.h; sourceTree = SOURCE_ROOT; };
		"4C392A82-521C-4E70-80E0-D21A4C2D875D" /* chvalid.h */ = {isa = PBXFileReference; explicitFileType = sourcecode.c.h; fileEncoding = 4; name = chvalid.h; path = /Users/tskokmt/Downloads/of_v0.12.0_osx_release/addons/ofxSvg/libs/libxml2/include/libxml/chvalid.h; sourceTree = SOURCE_ROOT; };
		"4F321549-5320-464C-ABBA-866631EDD53C" /* zigZig.cpp */ = {isa = PBXFileReference; explicitFileType = sourcecode.cpp.cpp; fileEncoding = 4; name = zigZig.cpp; path = src/modules/pixel/zigZig.cpp; sourceTree = SOURCE_ROOT; };
		"507B4C43-AC34-43F9-BCC0-662ED6362EBF" /* objectOS.cpp */ = {isa = PBXFileReference; explicitFileType = sourcecode.cpp.cpp; fileEncoding = 4; name = objectOS.cpp; path = src/objectOS.cpp; sourceTree = SOURCE_ROOT; };
		"53EC3E9E-CF12-4C50-8D64-CA52ABC58829" /* curvePara.h */ = {isa = PBXFileReference; explicitFileType = sourcecode.c.h; fileEncoding = 4; name = curvePara.h; path = src/modules/visual/typography/curvePara.h; sourceTree = SOURCE_ROOT; };
		"5539EC39-1812-4605-81DB-CF40657C480F" /* svgtiny.h */ = {isa = PBXFileReference; explicitFileType = sourcecode.c.h; fileEncoding = 4; name = svgtiny.h; path = /Users/tskokmt/Downloads/of_v0.12.0_osx_release/addons/ofxSvg/libs/svgtiny/include/svgtiny.h; sourceTree = SOURCE_ROOT; };
		"5867F010-15EE-48A7-9268-17D1CDC134DE" /* ofxFontStash.cpp */ = {isa = PBXFileReference; explicitFileType = sourcecode.cpp.cpp; fileEncoding = 4; name = ofxFontStash.cpp; path = /Users/tskokmt/Downloads/of_v0.12.0_osx_release/addons/ofxFontStash/src/ofxFontStash.cpp; sourceTree = SOURCE_ROOT; };
		"5ECB8515-5C3C-4D71-970F-EB6BC04A7346" /* synMeme.h */ = {isa = PBXFileReference; explicitFileType = sourcecode.c.h; fileEncoding = 4; name = synMeme.h; path = src/modules/pixel/synMeme.h; sourceTree = SOURCE_ROOT; };
		"65254715-2571-494A-BC7E-2F3022B19AEC" /* oddCover.cpp */ = {isa = PBXFileReference; explicitFileType = sourcecode.cpp.cpp; fileEncoding = 4; name = oddCover.cpp; path = src/modules/cover/oddCover.cpp; sourceTree = SOURCE_ROOT; };
		"653B941F-E275-48A9-87F4-6DFF7E3D97AD" /* colorCloud.h */ = {isa = PBXFileReference; explicitFileType = sourcecode.c.h; fileEncoding = 4; name = colorCloud.h; path = src/colorCloud.h; sourceTree = SOURCE_ROOT; };
		"659CA1DA-354F-4058-89E1-BB32441CC322" /* boredomWindow.h */ = {isa = PBXFileReference; explicitFileType = sourcecode.c.h; fileEncoding = 4; name = boredomWindow.h; path = src/modules/pixel/boredomWindow.h; sourceTree = SOURCE_ROOT; };
		"65A6BAF9-1F20-4A1B-9658-EAF528804B64" /* colorWorld.cpp */ = {isa = PBXFileReference; explicitFileType = sourcecode.cpp.cpp; fileEncoding = 4; name = colorWorld.cpp; path = src/modules/chrome/colorWorld.cpp; sourceTree = SOURCE_ROOT; };
		"68E39800-A830-41D6-9D93-C435348E6861" /* flashCover.cpp */ = {isa = PBXFileReference; explicitFileType = sourcecode.cpp.cpp; fileEncoding = 4; name = flashCover.cpp; path = src/modules/cover/flashCover.cpp; sourceTree = SOURCE_ROOT; };
		"6AF4000A-3162-44A7-B13D-02E3B76FFC2C" /* alphaDelta.h */ = {isa = PBXFileReference; explicitFileType = sourcecode.c.h; fileEncoding = 4; name = alphaDelta.h; path = src/modules/visual/typography/alphaDelta.h; sourceTree = SOURCE_ROOT; };
		"6B8D50D8-14F4-402D-ABE4-E09771DB113A" /* tree.h */ = {isa = PBXFileReference; explicitFileType = sourcecode.c.h; fileEncoding = 4; name = tree.h; path = /Users/tskokmt/Downloads/of_v0.12.0_osx_release/addons/ofxSvg/libs/libxml2/include/libxml/tree.h; sourceTree = SOURCE_ROOT; };
		"6CD72F32-9F4F-4BEB-A39C-12486E18DDEC" /* pushGrid.h */ = {isa = PBXFileReference; explicitFileType = sourcecode.c.h; fileEncoding = 4; name = pushGrid.h; path = src/modules/screen/pushGrid.h; sourceTree = SOURCE_ROOT; };
		"6EB66255-9113-4DC5-A454-5045F9AE72FA" /* curvePara.cpp */ = {isa = PBXFileReference; explicitFileType = sourcecode.cpp.cpp; fileEncoding = 4; name = curvePara.cpp; path = src/modules/visual/typography/curvePara.cpp; sourceTree = SOURCE_ROOT; };
		"70D457FF-AA3E-420B-89A5-313D0FB571CE" /* HTMLtree.h */ = {isa = PBXFileReference; explicitFileType = sourcecode.c.h; fileEncoding = 4; name = HTMLtree.h; path = /Users/tskokmt/Downloads/of_v0.12.0_osx_release/addons/ofxSvg/libs/libxml2/include/libxml/HTMLtree.h; sourceTree = SOURCE_ROOT; };
		"711CE7EE-5868-419A-AEFE-F121AD89D3F8" /* emergeScreen.cpp */ = {isa = PBXFileReference; explicitFileType = sourcecode.cpp.cpp; fileEncoding = 4; name = emergeScreen.cpp; path = src/modules/screen/emergeScreen.cpp; sourceTree = SOURCE_ROOT; };
		"780A4FCD-8DB2-4CA0-98B4-8D5F467F2308" /* threads.h */ = {isa = PBXFileReference; explicitFileType = sourcecode.c.h; fileEncoding = 4; name = threads.h; path = /Users/tskokmt/Downloads/of_v0.12.0_osx_release/addons/ofxSvg/libs/libxml2/include/libxml/threads.h; sourceTree = SOURCE_ROOT; };
		"78841F57-094E-4CF8-924A-960AD95F310B" /* relaxng.h */ = {isa = PBXFileReference; explicitFileType = sourcecode.c.h; fileEncoding = 4; name = relaxng.h; path = /Users/tskokmt/Downloads/of_v0.12.0_osx_release/addons/ofxSvg/libs/libxml2/include/libxml/relaxng.h; sourceTree = SOURCE_ROOT; };
		"78ED72B8-FEA2-48AD-8272-BF8257A0F1D3" /* xmlIO.h */ = {isa = PBXFileReference; explicitFileType = sourcecode.c.h; fileEncoding = 4; name = xmlIO.h; path = /Users/tskokmt/Downloads/of_v0.12.0_osx_release/addons/ofxSvg/libs/libxml2/include/libxml/xmlIO.h; sourceTree = SOURCE_ROOT; };
		"7C48A0A5-A670-4455-98C3-EDA8EBC06F63" /* twoTone.h */ = {isa = PBXFileReference; explicitFileType = sourcecode.c.h; fileEncoding = 4; name = twoTone.h; path = src/modules/chrome/twoTone.h; sourceTree = SOURCE_ROOT; };
		"7E5F89C1-DF39-480C-B529-B04BF46B40FA" /* rapFlee.h */ = {isa = PBXFileReference; explicitFileType = sourcecode.c.h; fileEncoding = 4; name = rapFlee.h; path = src/modules/pixel/rapFlee.h; sourceTree = SOURCE_ROOT; };
		"7FC3FF24-C0CC-4815-9E9C-A07146E8F9C5" /* wordCloud.h */ = {isa = PBXFileReference; explicitFileType = sourcecode.c.h; fileEncoding = 4; name = wordCloud.h; path = src/wordCloud.h; sourceTree = SOURCE_ROOT; };
		"80434594-38DB-438F-81E7-B03DFFDE7284" /* criticalWindow.h */ = {isa = PBXFileReference; explicitFileType = sourcecode.c.h; fileEncoding = 4; name = criticalWindow.h; path = src/modules/pixel/criticalWindow.h; sourceTree = SOURCE_ROOT; };
		"82593E7D-5C64-44A0-8A4E-F2854A398CB9" /* blackCover.h */ = {isa = PBXFileReference; explicitFileType = sourcecode.c.h; fileEncoding = 4; name = blackCover.h; path = src/modules/cover/blackCover.h; sourceTree = SOURCE_ROOT; };
		"82F40B04-36EA-42B7-AE8B-D5B9EA91D103" /* stb_truetype.c */ = {isa = PBXFileReference; explicitFileType = sourcecode.c.c; fileEncoding = 4; name = stb_truetype.c; path = /Users/tskokmt/Downloads/of_v0.12.0_osx_release/addons/ofxFontStash/libs/fontstash/src/stb_truetype.c; sourceTree = SOURCE_ROOT; };
		"833B5C29-4AD1-4BF9-9DCA-3080FC02A614" /* ofxTskokmtTranslator.h */ = {isa = PBXFileReference; explicitFileType = sourcecode.c.h; fileEncoding = 4; name = ofxTskokmtTranslator.h; path = src/addons/ofxTskokmtTranslator/src/ofxTskokmtTranslator.h; sourceTree = SOURCE_ROOT; };
		"85C0A78C-CDC7-48B7-B85D-5295CE857E00" /* schematron.h */ = {isa = PBXFileReference; explicitFileType = sourcecode.c.h; fileEncoding = 4; name = schematron.h; path = /Users/tskokmt/Downloads/of_v0.12.0_osx_release/addons/ofxSvg/libs/libxml2/include/libxml/schematron.h; sourceTree = SOURCE_ROOT; };
		"8861A71B-6E66-4FF3-9AEE-A56CE5ADE5E4" /* xmlschemas.h */ = {isa = PBXFileReference; explicitFileType = sourcecode.c.h; fileEncoding = 4; name = xmlschemas.h; path = /Users/tskokmt/Downloads/of_v0.12.0_osx_release/addons/ofxSvg/libs/libxml2/include/libxml/xmlschemas.h; sourceTree = SOURCE_ROOT; };
		"8E95EACF-68E2-402E-8B86-D4170EC6EA60" /* xpointer.h */ = {isa = PBXFileReference; explicitFileType = sourcecode.c.h; fileEncoding = 4; name = xpointer.h; path = /Users/tskokmt/Downloads/of_v0.12.0_osx_release/addons/ofxSvg/libs/libxml2/include/libxml/xpointer.h; sourceTree = SOURCE_ROOT; };
		"915FE066-9A47-4467-8A07-EF844E408057" /* xpath.h */ = {isa = PBXFileReference; explicitFileType = sourcecode.c.h; fileEncoding = 4; name = xpath.h; path = /Users/tskokmt/Downloads/of_v0.12.0_osx_release/addons/ofxSvg/libs/libxml2/include/libxml/xpath.h; sourceTree = SOURCE_ROOT; };
		"93CB1CCA-9498-4C9D-B284-939B7CB3FEB2" /* pattern.h */ = {isa = PBXFileReference; explicitFileType = sourcecode.c.h; fileEncoding = 4; name = pattern.h; path = /Users/tskokmt/Downloads/of_v0.12.0_osx_release/addons/ofxSvg/libs/libxml2/include/libxml/pattern.h; sourceTree = SOURCE_ROOT; };
		"94BD829F-53E4-449F-9E92-053CE13B9E78" /* HStack.h */ = {isa = PBXFileReference; explicitFileType = sourcecode.c.h; fileEncoding = 4; name = HStack.h; path = src/addons/ofxFrameOcean/src/HStack.h; sourceTree = SOURCE_ROOT; };
		"95B7920D-04D8-4882-93F5-8C3898BA2422" /* alphaDelta.cpp */ = {isa = PBXFileReference; explicitFileType = sourcecode.cpp.cpp; fileEncoding = 4; name = alphaDelta.cpp; path = src/modules/visual/typography/alphaDelta.cpp; sourceTree = SOURCE_ROOT; };
		"9682E53D-58B5-4ABC-9D97-ED5591554733" /* nanoftp.h */ = {isa = PBXFileReference; explicitFileType = sourcecode.c.h; fileEncoding = 4; name = nanoftp.h; path = /Users/tskokmt/Downloads/of_v0.12.0_osx_release/addons/ofxSvg/libs/libxml2/include/libxml/nanoftp.h; sourceTree = SOURCE_ROOT; };
		"97BDFEF4-03DC-417E-A463-C21613B8107A" /* emergeScreen.h */ = {isa = PBXFileReference; explicitFileType = sourcecode.c.h; fileEncoding = 4; name = emergeScreen.h; path = src/modules/screen/emergeScreen.h; sourceTree = SOURCE_ROOT; };
		"97F5A95D-1863-4E73-9FC0-E5EF0031A4FF" /* rapFlee.cpp */ = {isa = PBXFileReference; explicitFileType = sourcecode.cpp.cpp; fileEncoding = 4; name = rapFlee.cpp; path = src/modules/pixel/rapFlee.cpp; sourceTree = SOURCE_ROOT; };
		"97FEC20C-FC87-49F8-900F-0ECFAE05DF4F" /* xpathInternals.h */ = {isa = PBXFileReference; explicitFileType = sourcecode.c.h; fileEncoding = 4; name = xpathInternals.h; path = /Users/tskokmt/Downloads/of_v0.12.0_osx_release/addons/ofxSvg/libs/libxml2/include/libxml/xpathInternals.h; sourceTree = SOURCE_ROOT; };
		"992E31D0-9FFB-409E-A374-F0729C390E78" /* slitShut.cpp */ = {isa = PBXFileReference; explicitFileType = sourcecode.cpp.cpp; fileEncoding = 4; name = slitShut.cpp; path = src/modules/pixel/slitShut.cpp; sourceTree = SOURCE_ROOT; };
		"996A79D9-0482-4E4D-8F3E-B58DD35ECAA5" /* VStack.cpp */ = {isa = PBXFileReference; explicitFileType = sourcecode.cpp.cpp; fileEncoding = 4; name = VStack.cpp; path = src/addons/ofxFrameOcean/src/VStack.cpp; sourceTree = SOURCE_ROOT; };
		"9C09DC63-66CB-4EAE-B729-4DA080AA8502" /* wordCloud.cpp */ = {isa = PBXFileReference; explicitFileType = sourcecode.cpp.cpp; fileEncoding = 4; name = wordCloud.cpp; path = src/wordCloud.cpp; sourceTree = SOURCE_ROOT; };
		"9D36898F-BB52-4C9D-AFE1-5803BCFD04AB" /* marginBand.cpp */ = {isa = PBXFileReference; explicitFileType = sourcecode.cpp.cpp; fileEncoding = 4; name = marginBand.cpp; path = src/addons/ofxFrameOcean/src/marginBand.cpp; sourceTree = SOURCE_ROOT; };
		"9EA66B1B-A85C-44B1-A93F-5D78E72A5564" /* xmlsave.h */ = {isa = PBXFileReference; explicitFileType = sourcecode.c.h; fileEncoding = 4; name = xmlsave.h; path = /Users/tskokmt/Downloads/of_v0.12.0_osx_release/addons/ofxSvg/libs/libxml2/include/libxml/xmlsave.h; sourceTree = SOURCE_ROOT; };
		"A09591CC-9B9C-4C81-8242-A91895FB093A" /* colorWorld.h */ = {isa = PBXFileReference; explicitFileType = sourcecode.c.h; fileEncoding = 4; name = colorWorld.h; path = src/modules/chrome/colorWorld.h; sourceTree = SOURCE_ROOT; };
		"AF622F83-A498-4EB5-AF82-DD9036DE3551" /* vipGrid.cpp */ = {isa = PBXFileReference; explicitFileType = sourcecode.cpp.cpp; fileEncoding = 4; name = vipGrid.cpp; path = src/modules/screen/vipGrid.cpp; sourceTree = SOURCE_ROOT; };
		"B07A42E5-C89C-47F0-9B05-7BA79EE364A8" /* nanohttp.h */ = {isa = PBXFileReference; explicitFileType = sourcecode.c.h; fileEncoding = 4; name = nanohttp.h; path = /Users/tskokmt/Downloads/of_v0.12.0_osx_release/addons/ofxSvg/libs/libxml2/include/libxml/nanohttp.h; sourceTree = SOURCE_ROOT; };
		"B306DEAA-EB26-43F6-A909-66CB87030CCB" /* xlink.h */ = {isa = PBXFileReference; explicitFileType = sourcecode.c.h; fileEncoding = 4; name = xlink.h; path = /Users/tskokmt/Downloads/of_v0.12.0_osx_release/addons/ofxSvg/libs/libxml2/include/libxml/xlink.h; sourceTree = SOURCE_ROOT; };
		"B37EC473-598D-4BE2-B4BD-A875A0618824" /* slitShut.h */ = {isa = PBXFileReference; explicitFileType = sourcecode.c.h; fileEncoding = 4; name = slitShut.h; path = src/modules/pixel/slitShut.h; sourceTree = SOURCE_ROOT; };
		"B40F4C0F-04BD-47E2-9E15-C530EBAD3497" /* ofxTskokmtFont.h */ = {isa = PBXFileReference; explicitFileType = sourcecode.c.h; fileEncoding = 4; name = ofxTskokmtFont.h; path = src/addons/ofxTskokmtFont/src/ofxTskokmtFont.h; sourceTree = SOURCE_ROOT; };
		"B58DFA03-C5AF-45A5-8C49-A0E3F3DAAAA2" /* ofxFontStash.h */ = {isa = PBXFileReference; explicitFileType = sourcecode.c.h; fileEncoding = 4; name = ofxFontStash.h; path = /Users/tskokmt/Downloads/of_v0.12.0_osx_release/addons/ofxFontStash/src/ofxFontStash.h; sourceTree = SOURCE_ROOT; };
		"B59A8EF6-40F7-42F3-97A7-18F4420B6F04" /* xmlerror.h */ = {isa = PBXFileReference; explicitFileType = sourcecode.c.h; fileEncoding = 4; name = xmlerror.h; path = /Users/tskokmt/Downloads/of_v0.12.0_osx_release/addons/ofxSvg/libs/libxml2/include/libxml/xmlerror.h; sourceTree = SOURCE_ROOT; };
		"B6DA2995-74FF-40F0-8568-3AD6E4AEA79C" /* fromDip.h */ = {isa = PBXFileReference; explicitFileType = sourcecode.c.h; fileEncoding = 4; name = fromDip.h; path = src/modules/pixel/fromDip.h; sourceTree = SOURCE_ROOT; };
		"B8DBC24E-D1EC-4C1B-9098-E682C81371B5" /* xmlschemastypes.h */ = {isa = PBXFileReference; explicitFileType = sourcecode.c.h; fileEncoding = 4; name = xmlschemastypes.h; path = /Users/tskokmt/Downloads/of_v0.12.0_osx_release/addons/ofxSvg/libs/libxml2/include/libxml/xmlschemastypes.h; sourceTree = SOURCE_ROOT; };
		"B9E4557A-3FC5-4B6C-90F4-B693C4C0CBBB" /* fragScreen.h */ = {isa = PBXFileReference; explicitFileType = sourcecode.c.h; fileEncoding = 4; name = fragScreen.h; path = src/modules/screen/fragScreen.h; sourceTree = SOURCE_ROOT; };
		"BCF0CD12-3C47-4C24-891B-BA65E4EF9517" /* uri.h */ = {isa = PBXFileReference; explicitFileType = sourcecode.c.h; fileEncoding = 4; name = uri.h; path = /Users/tskokmt/Downloads/of_v0.12.0_osx_release/addons/ofxSvg/libs/libxml2/include/libxml/uri.h; sourceTree = SOURCE_ROOT; };
		"BF280667-245C-43D9-9397-89B01665B2E7" /* stb_truetype.h */ = {isa = PBXFileReference; explicitFileType = sourcecode.c.h; fileEncoding = 4; name = stb_truetype.h; path = /Users/tskokmt/Downloads/of_v0.12.0_osx_release/addons/ofxFontStash/libs/fontstash/src/stb_truetype.h; sourceTree = SOURCE_ROOT; };
		"C1817983-5864-46CA-B115-41130105EDE4" /* valid.h */ = {isa = PBXFileReference; explicitFileType = sourcecode.c.h; fileEncoding = 4; name = valid.h; path = /Users/tskokmt/Downloads/of_v0.12.0_osx_release/addons/ofxSvg/libs/libxml2/include/libxml/valid.h; sourceTree = SOURCE_ROOT; };
		"C268A719-44FE-44A7-8074-11CC672CD88A" /* radioWindow.h */ = {isa = PBXFileReference; explicitFileType = sourcecode.c.h; fileEncoding = 4; name = radioWindow.h; path = src/modules/pixel/radioWindow.h; sourceTree = SOURCE_ROOT; };
		"C2BC27EE-CB41-40D0-8CBA-0A4533BE1CF6" /* xmlunicode.h */ = {isa = PBXFileReference; explicitFileType = sourcecode.c.h; fileEncoding = 4; name = xmlunicode.h; path = /Users/tskokmt/Downloads/of_v0.12.0_osx_release/addons/ofxSvg/libs/libxml2/include/libxml/xmlunicode.h; sourceTree = SOURCE_ROOT; };
		"C2D4EC92-68F9-4708-8AB5-FBB71C1FCEB7" /* twoTone.cpp */ = {isa = PBXFileReference; explicitFileType = sourcecode.cpp.cpp; fileEncoding = 4; name = twoTone.cpp; path = src/modules/chrome/twoTone.cpp; sourceTree = SOURCE_ROOT; };
		"C471BF35-3763-4EE0-9C45-24406AA30854" /* radioWindow.cpp */ = {isa = PBXFileReference; explicitFileType = sourcecode.cpp.cpp; fileEncoding = 4; name = radioWindow.cpp; path = src/modules/pixel/radioWindow.cpp; sourceTree = SOURCE_ROOT; };
		"C5030843-CBF0-463C-99C7-CCA474F48B96" /* pushGrid.cpp */ = {isa = PBXFileReference; explicitFileType = sourcecode.cpp.cpp; fileEncoding = 4; name = pushGrid.cpp; path = src/modules/screen/pushGrid.cpp; sourceTree = SOURCE_ROOT; };
		"C6ECB506-3C09-485A-B14B-B0B242D8F65E" /* blackCover.cpp */ = {isa = PBXFileReference; explicitFileType = sourcecode.cpp.cpp; fileEncoding = 4; name = blackCover.cpp; path = src/modules/cover/blackCover.cpp; sourceTree = SOURCE_ROOT; };
		"C84DDC0F-DB87-4CCC-9D0F-A6AD2C2FDBCB" /* xmlversion.h */ = {isa = PBXFileReference; explicitFileType = sourcecode.c.h; fileEncoding = 4; name = xmlversion.h; path = /Users/tskokmt/Downloads/of_v0.12.0_osx_release/addons/ofxSvg/libs/libxml2/include/libxml/xmlversion.h; sourceTree = SOURCE_ROOT; };
		"CA54D0AB-5591-409A-BCC7-0E46E5B167CD" /* HStack.cpp */ = {isa = PBXFileReference; explicitFileType = sourcecode.cpp.cpp; fileEncoding = 4; name = HStack.cpp; path = src/addons/ofxFrameOcean/src/HStack.cpp; sourceTree = SOURCE_ROOT; };
		"CA8A8DE1-CEE1-4DF6-B0A2-3C1D60BE7FD4" /* colorCloud.cpp */ = {isa = PBXFileReference; explicitFileType = sourcecode.cpp.cpp; fileEncoding = 4; name = colorCloud.cpp; path = src/colorCloud.cpp; sourceTree = SOURCE_ROOT; };
		"CB293EAA-82BE-4B76-A8EE-08B88839A276" /* pressRoom.h */ = {isa = PBXFileReference; explicitFileType = sourcecode.c.h; fileEncoding = 4; name = pressRoom.h; path = src/modules/pressRoom.h; sourceTree = SOURCE_ROOT; };
		"CDD4ABE9-23F9-4909-858E-92ABF411EB35" /* entities.h */ = {isa = PBXFileReference; explicitFileType = sourcecode.c.h; fileEncoding = 4; name = entities.h; path = /Users/tskokmt/Downloads/of_v0.12.0_osx_release/addons/ofxSvg/libs/libxml2/include/libxml/entities.h; sourceTree = SOURCE_ROOT; };
		"CEAEFC9C-E06E-4305-B7DA-7D3CE2DB97C7" /* ofxTskokmtFont.cpp */ = {isa = PBXFileReference; explicitFileType = sourcecode.cpp.cpp; fileEncoding = 4; name = ofxTskokmtFont.cpp; path = src/addons/ofxTskokmtFont/src/ofxTskokmtFont.cpp; sourceTree = SOURCE_ROOT; };
		"CEFD8A3E-92E8-4162-81F7-346EE2750D83" /* parserInternals.h */ = {isa = PBXFileReference; explicitFileType = sourcecode.c.h; fileEncoding = 4; name = parserInternals.h; path = /Users/tskokmt/Downloads/of_v0.12.0_osx_release/addons/ofxSvg/libs/libxml2/include/libxml/parserInternals.h; sourceTree = SOURCE_ROOT; };
		"D29DC1CA-4ED3-4241-B7DD-FC9B60F7B954" /* xmlstring.h */ = {isa = PBXFileReference; explicitFileType = sourcecode.c.h; fileEncoding = 4; name = xmlstring.h; path = /Users/tskokmt/Downloads/of_v0.12.0_osx_release/addons/ofxSvg/libs/libxml2/include/libxml/xmlstring.h; sourceTree = SOURCE_ROOT; };
		"D353462A-C606-4C14-A227-FEF7D45CDEEA" /* ofxSvg.h */ = {isa = PBXFileReference; explicitFileType = sourcecode.c.h; fileEncoding = 4; name = ofxSvg.h; path = /Users/tskokmt/Downloads/of_v0.12.0_osx_release/addons/ofxSvg/src/ofxSvg.h; sourceTree = SOURCE_ROOT; };
		"D3712E2D-5311-4C61-822A-77866A5C6696" /* xmlwriter.h */ = {isa = PBXFileReference; explicitFileType = sourcecode.c.h; fileEncoding = 4; name = xmlwriter.h; path = /Users/tskokmt/Downloads/of_v0.12.0_osx_release/addons/ofxSvg/libs/libxml2/include/libxml/xmlwriter.h; sourceTree = SOURCE_ROOT; };
		"DE841940-7FDE-4735-B382-2E95F0D883B5" /* splitGrid.h */ = {isa = PBXFileReference; explicitFileType = sourcecode.c.h; fileEncoding = 4; name = splitGrid.h; path = src/modules/screen/splitGrid.h; sourceTree = SOURCE_ROOT; };
		"DE87AE43-6DBA-45FA-8A6E-B7908225DDAB" /* boredomWindow.cpp */ = {isa = PBXFileReference; explicitFileType = sourcecode.cpp.cpp; fileEncoding = 4; name = boredomWindow.cpp; path = src/modules/pixel/boredomWindow.cpp; sourceTree = SOURCE_ROOT; };
		"E0A1A1BB-950F-42CE-B635-D219167CEB50" /* zigZig.h */ = {isa = PBXFileReference; explicitFileType = sourcecode.c.h; fileEncoding = 4; name = zigZig.h; path = src/modules/pixel/zigZig.h; sourceTree = SOURCE_ROOT; };
		E4B69B5B0A3A1756003C02F2 /* objectOSMin03Debug.app */ = {isa = PBXFileReference; explicitFileType = wrapper.application; includeInIndex = 0; path = objectOSMin03Debug.app; sourceTree = BUILT_PRODUCTS_DIR; };
		E4B69E1D0A3A1BDC003C02F2 /* main.cpp */ = {isa = PBXFileReference; fileEncoding = 4; lastKnownFileType = sourcecode.cpp.cpp; name = main.cpp; path = src/main.cpp; sourceTree = SOURCE_ROOT; };
		E4B69E1E0A3A1BDC003C02F2 /* ofApp.cpp */ = {isa = PBXFileReference; explicitFileType = sourcecode.cpp.cpp; fileEncoding = 4; name = ofApp.cpp; path = src/ofApp.cpp; sourceTree = SOURCE_ROOT; };
		E4B69E1F0A3A1BDC003C02F2 /* ofApp.h */ = {isa = PBXFileReference; fileEncoding = 4; lastKnownFileType = sourcecode.c.h; name = ofApp.h; path = src/ofApp.h; sourceTree = SOURCE_ROOT; };
		E4B6FCAD0C3E899E008CF71C /* openFrameworks-Info.plist */ = {isa = PBXFileReference; fileEncoding = 4; lastKnownFileType = text.plist.xml; path = "openFrameworks-Info.plist"; sourceTree = "<group>"; };
		E4EB6923138AFD0F00A09F29 /* Project.xcconfig */ = {isa = PBXFileReference; fileEncoding = 4; lastKnownFileType = text.xcconfig; path = Project.xcconfig; sourceTree = "<group>"; };
		"E62851F9-8A92-4D18-845D-23C15083B9F1" /* globals.h */ = {isa = PBXFileReference; explicitFileType = sourcecode.c.h; fileEncoding = 4; name = globals.h; path = /Users/tskokmt/Downloads/of_v0.12.0_osx_release/addons/ofxSvg/libs/libxml2/include/libxml/globals.h; sourceTree = SOURCE_ROOT; };
		"E715118A-D2A7-4F8F-96C3-521460F2D45C" /* slideGrid.cpp */ = {isa = PBXFileReference; explicitFileType = sourcecode.cpp.cpp; fileEncoding = 4; name = slideGrid.cpp; path = src/modules/screen/slideGrid.cpp; sourceTree = SOURCE_ROOT; };
		"E8D097F3-4765-4CFC-AA9A-2339725D72BF" /* ofxTskokmtMath.cpp */ = {isa = PBXFileReference; explicitFileType = sourcecode.cpp.cpp; fileEncoding = 4; name = ofxTskokmtMath.cpp; path = src/addons/ofxTskokmtMath/src/ofxTskokmtMath.cpp; sourceTree = SOURCE_ROOT; };
		"EA017FAA-0ECA-4A15-AAC9-FE6A993EF5E0" /* rollingRoll.h */ = {isa = PBXFileReference; explicitFileType = sourcecode.c.h; fileEncoding = 4; name = rollingRoll.h; path = src/modules/pixel/rollingRoll.h; sourceTree = SOURCE_ROOT; };
		"F159EA74-3AA7-4897-B834-4D453342946F" /* catalog.h */ = {isa = PBXFileReference; explicitFileType = sourcecode.c.h; fileEncoding = 4; name = catalog.h; path = /Users/tskokmt/Downloads/of_v0.12.0_osx_release/addons/ofxSvg/libs/libxml2/include/libxml/catalog.h; sourceTree = SOURCE_ROOT; };
		"F1B160A7-6567-4891-939D-C4633E47691C" /* list.h */ = {isa = PBXFileReference; explicitFileType = sourcecode.c.h; fileEncoding = 4; name = list.h; path = /Users/tskokmt/Downloads/of_v0.12.0_osx_release/addons/ofxSvg/libs/libxml2/include/libxml/list.h; sourceTree = SOURCE_ROOT; };
		"F2BA8B2A-1474-4F65-B9E2-FCE88973D99F" /* schemasInternals.h */ = {isa = PBXFileReference; explicitFileType = sourcecode.c.h; fileEncoding = 4; name = schemasInternals.h; path = /Users/tskokmt/Downloads/of_v0.12.0_osx_release/addons/ofxSvg/libs/libxml2/include/libxml/schemasInternals.h; sourceTree = SOURCE_ROOT; };
		"F40F0334-56C1-4B4E-AAE0-1196520D0A28" /* slideGrid.h */ = {isa = PBXFileReference; explicitFileType = sourcecode.c.h; fileEncoding = 4; name = slideGrid.h; path = src/modules/screen/slideGrid.h; sourceTree = SOURCE_ROOT; };
		"F52AAC7C-908F-4A9E-B2C9-E4A4BC4D04F3" /* hash.h */ = {isa = PBXFileReference; explicitFileType = sourcecode.c.h; fileEncoding = 4; name = hash.h; path = /Users/tskokmt/Downloads/of_v0.12.0_osx_release/addons/ofxSvg/libs/libxml2/include/libxml/hash.h; sourceTree = SOURCE_ROOT; };
/* End PBXFileReference section */

/* Begin PBXFrameworksBuildPhase section */
		E4B69B590A3A1756003C02F2 /* Frameworks */ = {
			isa = PBXFrameworksBuildPhase;
			buildActionMask = 2147483647;
			files = (
			);
			runOnlyForDeploymentPostprocessing = 0;
		};
/* End PBXFrameworksBuildPhase section */

/* Begin PBXGroup section */
		"02B5480F-A7DA-4731-9E3E-F0A6EC7EC870" /* src */ = {
			isa = PBXGroup;
			children = (
				"CEAEFC9C-E06E-4305-B7DA-7D3CE2DB97C7" /* ofxTskokmtFont.cpp */,
				"B40F4C0F-04BD-47E2-9E15-C530EBAD3497" /* ofxTskokmtFont.h */,
			);
			name = src;
			path = src/addons/ofxTskokmtFont/src;
			sourceTree = SOURCE_ROOT;
		};
		"10E19544-71E7-4E01-81A5-EC973180ECEC" /* ofxFontStash */ = {
			isa = PBXGroup;
			children = (
				"C7276000-6A0C-4A24-92E2-4D75B24A6BA7" /* libs */,
				"F5801365-65B4-49EC-939A-0EB6F1CB1A4C" /* src */,
			);
			name = ofxFontStash;
			sourceTree = SOURCE_ROOT;
		};
		"18146C27-313F-42D9-8FA9-9FF86770C38A" /* typography */ = {
			isa = PBXGroup;
			children = (
				"95B7920D-04D8-4882-93F5-8C3898BA2422" /* alphaDelta.cpp */,
				"6AF4000A-3162-44A7-B13D-02E3B76FFC2C" /* alphaDelta.h */,
				"6EB66255-9113-4DC5-A454-5045F9AE72FA" /* curvePara.cpp */,
				"53EC3E9E-CF12-4C50-8D64-CA52ABC58829" /* curvePara.h */,
			);
			name = typography;
			path = src/modules/visual/typography;
			sourceTree = SOURCE_ROOT;
		};
		"27F69462-A2F8-4FED-8EF8-0A94EE35200B" /* libxml */ = {
			isa = PBXGroup;
			children = (
				"3991C542-8D77-4017-9234-44379DDB6BE9" /* DOCBparser.h */,
				"310E868A-DE35-4C6C-A70B-EF16DD32C00A" /* HTMLparser.h */,
				"70D457FF-AA3E-420B-89A5-313D0FB571CE" /* HTMLtree.h */,
				"378C46EC-F26C-41F4-AEEC-7BF49C3D82DE" /* SAX.h */,
				"32AA9FBE-AAF1-472B-80E9-3DECA451DD57" /* SAX2.h */,
				"05EF4632-7C17-4AFA-A65A-8B53CE96AB71" /* c14n.h */,
				"F159EA74-3AA7-4897-B834-4D453342946F" /* catalog.h */,
				"4C392A82-521C-4E70-80E0-D21A4C2D875D" /* chvalid.h */,
				"34A4766B-52F5-462A-A089-4CE362D2402F" /* debugXML.h */,
				"47162FD0-1BBB-4FED-903F-29BE393A3BC7" /* dict.h */,
				"3EDD7156-B3CE-42AC-9A1B-EA47AEDF59E1" /* encoding.h */,
				"CDD4ABE9-23F9-4909-858E-92ABF411EB35" /* entities.h */,
				"E62851F9-8A92-4D18-845D-23C15083B9F1" /* globals.h */,
				"F52AAC7C-908F-4A9E-B2C9-E4A4BC4D04F3" /* hash.h */,
				"F1B160A7-6567-4891-939D-C4633E47691C" /* list.h */,
				"9682E53D-58B5-4ABC-9D97-ED5591554733" /* nanoftp.h */,
				"B07A42E5-C89C-47F0-9B05-7BA79EE364A8" /* nanohttp.h */,
				"2AB76716-0F5C-4844-9CA6-52A4290CB65D" /* parser.h */,
				"CEFD8A3E-92E8-4162-81F7-346EE2750D83" /* parserInternals.h */,
				"93CB1CCA-9498-4C9D-B284-939B7CB3FEB2" /* pattern.h */,
				"78841F57-094E-4CF8-924A-960AD95F310B" /* relaxng.h */,
				"F2BA8B2A-1474-4F65-B9E2-FCE88973D99F" /* schemasInternals.h */,
				"85C0A78C-CDC7-48B7-B85D-5295CE857E00" /* schematron.h */,
				"780A4FCD-8DB2-4CA0-98B4-8D5F467F2308" /* threads.h */,
				"6B8D50D8-14F4-402D-ABE4-E09771DB113A" /* tree.h */,
				"BCF0CD12-3C47-4C24-891B-BA65E4EF9517" /* uri.h */,
				"C1817983-5864-46CA-B115-41130105EDE4" /* valid.h */,
				"2568521D-17D8-4C5F-9D52-0776C3FF1AA7" /* xinclude.h */,
				"B306DEAA-EB26-43F6-A909-66CB87030CCB" /* xlink.h */,
				"78ED72B8-FEA2-48AD-8272-BF8257A0F1D3" /* xmlIO.h */,
				"4717DB7C-0531-4016-859B-93EAD6E4F1F7" /* xmlautomata.h */,
				"B59A8EF6-40F7-42F3-97A7-18F4420B6F04" /* xmlerror.h */,
				"49E6850B-DEA1-40EF-A173-65BACFF90436" /* xmlexports.h */,
				"2B9EE4EA-0172-48EE-96E1-DAB9064081B3" /* xmlmemory.h */,
				"2BD8C882-1AD9-45A5-A754-2AA2074CFB76" /* xmlmodule.h */,
				"45852D47-F072-4D7E-B02A-1B2BA3AA6818" /* xmlreader.h */,
				"07640FA8-515D-4553-B34C-95E99E5CB486" /* xmlregexp.h */,
				"9EA66B1B-A85C-44B1-A93F-5D78E72A5564" /* xmlsave.h */,
				"8861A71B-6E66-4FF3-9AEE-A56CE5ADE5E4" /* xmlschemas.h */,
				"B8DBC24E-D1EC-4C1B-9098-E682C81371B5" /* xmlschemastypes.h */,
				"D29DC1CA-4ED3-4241-B7DD-FC9B60F7B954" /* xmlstring.h */,
				"C2BC27EE-CB41-40D0-8CBA-0A4533BE1CF6" /* xmlunicode.h */,
				"C84DDC0F-DB87-4CCC-9D0F-A6AD2C2FDBCB" /* xmlversion.h */,
				"D3712E2D-5311-4C61-822A-77866A5C6696" /* xmlwriter.h */,
				"915FE066-9A47-4467-8A07-EF844E408057" /* xpath.h */,
				"97FEC20C-FC87-49F8-900F-0ECFAE05DF4F" /* xpathInternals.h */,
				"8E95EACF-68E2-402E-8B86-D4170EC6EA60" /* xpointer.h */,
			);
			name = libxml;
			sourceTree = SOURCE_ROOT;
		};
		"33064076-A4F3-4042-B31C-D9CF7A3E4857" /* include */ = {
			isa = PBXGroup;
			children = (
				"5539EC39-1812-4605-81DB-CF40657C480F" /* svgtiny.h */,
			);
			name = include;
			sourceTree = SOURCE_ROOT;
		};
		"3628D9D1-92FF-44D5-A298-29BCDF6A0A93" /* modules */ = {
			isa = PBXGroup;
			children = (
				"98CC1421-0E29-443C-B03E-7661CEBE79DF" /* chrome */,
				"AA6A39EA-CAA4-41F7-BA4B-EDB351E9FBD8" /* cover */,
				"614E45DF-4ED7-4661-9551-4CEC1276FCFC" /* pixel */,
				"1FBD02C0-7E63-4585-B5A5-106A17FDA5E3" /* pressRoom.cpp */,
				"CB293EAA-82BE-4B76-A8EE-08B88839A276" /* pressRoom.h */,
				"609FE45B-0780-47DC-BF4E-0F97BF05E186" /* screen */,
				"FC656183-BCAE-4741-80CA-BD018AF35C5D" /* visual */,
			);
			name = modules;
			path = src/modules;
			sourceTree = SOURCE_ROOT;
		};
		"55A4324E-DC71-4E92-B704-81265BD6BAE9" /* ofxTskokmtMath */ = {
			isa = PBXGroup;
			children = (
				"FABD545E-7CCA-4498-8B16-4920088C7BEC" /* src */,
			);
			name = ofxTskokmtMath;
			path = src/addons/ofxTskokmtMath;
			sourceTree = SOURCE_ROOT;
		};
		"5AE5578C-2B46-4F43-8D3D-39F1248F06FA" /* src */ = {
			isa = PBXGroup;
			children = (
				"CA54D0AB-5591-409A-BCC7-0E46E5B167CD" /* HStack.cpp */,
				"94BD829F-53E4-449F-9E92-053CE13B9E78" /* HStack.h */,
				"996A79D9-0482-4E4D-8F3E-B58DD35ECAA5" /* VStack.cpp */,
				"069FB968-4B64-4FFF-97E7-384344452C55" /* VStack.h */,
				"9D36898F-BB52-4C9D-AFE1-5803BCFD04AB" /* marginBand.cpp */,
				"3972A3CA-AAC8-48BA-A30B-1B1154AC1F50" /* marginBand.h */,
				"0E811D0D-D42F-4FDD-B3BB-6A2A66A53DD8" /* ofxFrameOcean.h */,
			);
			name = src;
			path = src/addons/ofxFrameOcean/src;
			sourceTree = SOURCE_ROOT;
		};
		"609FE45B-0780-47DC-BF4E-0F97BF05E186" /* screen */ = {
			isa = PBXGroup;
			children = (
				"711CE7EE-5868-419A-AEFE-F121AD89D3F8" /* emergeScreen.cpp */,
				"97BDFEF4-03DC-417E-A463-C21613B8107A" /* emergeScreen.h */,
				"4376255B-E00A-4BF0-8B34-08908851DB89" /* fragScreen.cpp */,
				"B9E4557A-3FC5-4B6C-90F4-B693C4C0CBBB" /* fragScreen.h */,
				"C5030843-CBF0-463C-99C7-CCA474F48B96" /* pushGrid.cpp */,
				"6CD72F32-9F4F-4BEB-A39C-12486E18DDEC" /* pushGrid.h */,
				"E715118A-D2A7-4F8F-96C3-521460F2D45C" /* slideGrid.cpp */,
				"F40F0334-56C1-4B4E-AAE0-1196520D0A28" /* slideGrid.h */,
				"369ED48D-A3FB-43D6-BE55-08CE80A40C1B" /* splitGrid.cpp */,
				"DE841940-7FDE-4735-B382-2E95F0D883B5" /* splitGrid.h */,
				"AF622F83-A498-4EB5-AF82-DD9036DE3551" /* vipGrid.cpp */,
				"3BCD31B5-A734-46F9-A67F-D71581A0BFD9" /* vipGrid.h */,
			);
			name = screen;
			path = src/modules/screen;
			sourceTree = SOURCE_ROOT;
		};
		"614E45DF-4ED7-4661-9551-4CEC1276FCFC" /* pixel */ = {
			isa = PBXGroup;
			children = (
				"DE87AE43-6DBA-45FA-8A6E-B7908225DDAB" /* boredomWindow.cpp */,
				"659CA1DA-354F-4058-89E1-BB32441CC322" /* boredomWindow.h */,
				"223F70CC-CD70-4EB4-A196-80AFD9BDB7D7" /* criticalWindow.cpp */,
				"80434594-38DB-438F-81E7-B03DFFDE7284" /* criticalWindow.h */,
				"2A84BE77-4EDD-4D05-B651-51FB180E37A9" /* fromDip.cpp */,
				"B6DA2995-74FF-40F0-8568-3AD6E4AEA79C" /* fromDip.h */,
				"2C399568-F807-4EBA-901B-02ED8F24D448" /* noizArc.cpp */,
				"317F08F0-F4EE-4DA5-A88B-687FEE82E2B4" /* noizArc.h */,
				"C471BF35-3763-4EE0-9C45-24406AA30854" /* radioWindow.cpp */,
				"C268A719-44FE-44A7-8074-11CC672CD88A" /* radioWindow.h */,
				"97F5A95D-1863-4E73-9FC0-E5EF0031A4FF" /* rapFlee.cpp */,
				"7E5F89C1-DF39-480C-B529-B04BF46B40FA" /* rapFlee.h */,
				"04E4AF53-E058-449E-85BE-0FCC5EAE87C2" /* rollingRoll.cpp */,
				"EA017FAA-0ECA-4A15-AAC9-FE6A993EF5E0" /* rollingRoll.h */,
				"992E31D0-9FFB-409E-A374-F0729C390E78" /* slitShut.cpp */,
				"B37EC473-598D-4BE2-B4BD-A875A0618824" /* slitShut.h */,
				"28B4274F-9765-4F27-AA6E-945D53F18F29" /* synMeme.cpp */,
				"5ECB8515-5C3C-4D71-970F-EB6BC04A7346" /* synMeme.h */,
				"4F321549-5320-464C-ABBA-866631EDD53C" /* zigZig.cpp */,
				"E0A1A1BB-950F-42CE-B635-D219167CEB50" /* zigZig.h */,
			);
			name = pixel;
			path = src/modules/pixel;
			sourceTree = SOURCE_ROOT;
		};
		"6BB8F66A-29BA-4954-9888-F00C851EDDC5" /* ofxTskokmtFont */ = {
			isa = PBXGroup;
			children = (
				"02B5480F-A7DA-4731-9E3E-F0A6EC7EC870" /* src */,
			);
			name = ofxTskokmtFont;
			path = src/addons/ofxTskokmtFont;
			sourceTree = SOURCE_ROOT;
		};
		"7A0C0125-7EE7-41A9-A02D-F35F9887831E" /* libxml2 */ = {
			isa = PBXGroup;
			children = (
				"86ED9825-D6C8-4F8C-8C4D-9F986A6655E0" /* include */,
			);
			name = libxml2;
			sourceTree = SOURCE_ROOT;
		};
		"86ED9825-D6C8-4F8C-8C4D-9F986A6655E0" /* include */ = {
			isa = PBXGroup;
			children = (
				"27F69462-A2F8-4FED-8EF8-0A94EE35200B" /* libxml */,
			);
			name = include;
			sourceTree = SOURCE_ROOT;
		};
		"95780D2A-E7DD-4FCE-88D8-0E1EBB32EF0A" /* svgtiny */ = {
			isa = PBXGroup;
			children = (
				"33064076-A4F3-4042-B31C-D9CF7A3E4857" /* include */,
			);
			name = svgtiny;
			sourceTree = SOURCE_ROOT;
		};
		"98CC1421-0E29-443C-B03E-7661CEBE79DF" /* chrome */ = {
			isa = PBXGroup;
			children = (
				"65A6BAF9-1F20-4A1B-9658-EAF528804B64" /* colorWorld.cpp */,
				"A09591CC-9B9C-4C81-8242-A91895FB093A" /* colorWorld.h */,
				"C2D4EC92-68F9-4708-8AB5-FBB71C1FCEB7" /* twoTone.cpp */,
				"7C48A0A5-A670-4455-98C3-EDA8EBC06F63" /* twoTone.h */,
			);
			name = chrome;
			path = src/modules/chrome;
			sourceTree = SOURCE_ROOT;
		};
		"9A82F90F-7BD4-442B-94AF-510BE8D72443" /* ofxFrameOcean */ = {
			isa = PBXGroup;
			children = (
				"5AE5578C-2B46-4F43-8D3D-39F1248F06FA" /* src */,
			);
			name = ofxFrameOcean;
			path = src/addons/ofxFrameOcean;
			sourceTree = SOURCE_ROOT;
		};
		"9ECD9A92-B01C-4801-8D3F-38C94CAC212B" /* src */ = {
			isa = PBXGroup;
			children = (
				"3B25A4AA-B4A3-46CD-A046-A20A649AC22B" /* ofxSvg.cpp */,
				"D353462A-C606-4C14-A227-FEF7D45CDEEA" /* ofxSvg.h */,
			);
			name = src;
			sourceTree = SOURCE_ROOT;
		};
		"AA6A39EA-CAA4-41F7-BA4B-EDB351E9FBD8" /* cover */ = {
			isa = PBXGroup;
			children = (
				"C6ECB506-3C09-485A-B14B-B0B242D8F65E" /* blackCover.cpp */,
				"82593E7D-5C64-44A0-8A4E-F2854A398CB9" /* blackCover.h */,
				"68E39800-A830-41D6-9D93-C435348E6861" /* flashCover.cpp */,
				"03607298-C227-44F8-BD7D-7D16F0CC6BCE" /* flashCover.h */,
				"65254715-2571-494A-BC7E-2F3022B19AEC" /* oddCover.cpp */,
				"0C1F8F2E-BFFB-4F81-9B6F-8E9ED0D6B6AD" /* oddCover.h */,
				"4471BA85-E346-41C0-9F40-453C1563FD12" /* pikaCover.cpp */,
				"413C51C1-61E6-4ACC-80B5-291AC06595EB" /* pikaCover.h */,
			);
			name = cover;
			path = src/modules/cover;
			sourceTree = SOURCE_ROOT;
		};
		"AE79B23F-C5A5-470A-B203-6AAF63E868D2" /* addons */ = {
			isa = PBXGroup;
			children = (
				"9A82F90F-7BD4-442B-94AF-510BE8D72443" /* ofxFrameOcean */,
				"6BB8F66A-29BA-4954-9888-F00C851EDDC5" /* ofxTskokmtFont */,
				"55A4324E-DC71-4E92-B704-81265BD6BAE9" /* ofxTskokmtMath */,
				"CD29A43F-FE18-4ED2-AC0E-D92BBC9A7B3E" /* ofxTskokmtTranslator */,
			);
			name = addons;
			path = src/addons;
			sourceTree = SOURCE_ROOT;
		};
		BB4B014C10F69532006C3DED /* addons */ = {
			isa = PBXGroup;
			children = (
				"10E19544-71E7-4E01-81A5-EC973180ECEC" /* ofxFontStash */,
				"C1093218-2FED-4FF1-8D07-CE4593A3DC56" /* ofxSvg */,
			);
			name = addons;
			path = /Users/tskokmt/Downloads/of_v0.12.0_osx_release/addons;
			sourceTree = "<group>";
		};
		"BD21816D-AA0A-45AB-8A38-FF8A661BE61F" /* fontstash */ = {
			isa = PBXGroup;
			children = (
				"ED8CAA0F-9E00-4E8D-A081-ADB78806D6A2" /* src */,
			);
			name = fontstash;
			sourceTree = SOURCE_ROOT;
		};
		"C1093218-2FED-4FF1-8D07-CE4593A3DC56" /* ofxSvg */ = {
			isa = PBXGroup;
			children = (
				"F77A5D29-BE0C-4CB5-B31D-B5AAE672EE7C" /* libs */,
				"9ECD9A92-B01C-4801-8D3F-38C94CAC212B" /* src */,
			);
			name = ofxSvg;
			sourceTree = SOURCE_ROOT;
		};
		"C7276000-6A0C-4A24-92E2-4D75B24A6BA7" /* libs */ = {
			isa = PBXGroup;
			children = (
				"BD21816D-AA0A-45AB-8A38-FF8A661BE61F" /* fontstash */,
			);
			name = libs;
			sourceTree = SOURCE_ROOT;
		};
		"CD29A43F-FE18-4ED2-AC0E-D92BBC9A7B3E" /* ofxTskokmtTranslator */ = {
			isa = PBXGroup;
			children = (
				"DC145A13-9D61-405C-8418-10D87C272C09" /* src */,
			);
			name = ofxTskokmtTranslator;
			path = src/addons/ofxTskokmtTranslator;
			sourceTree = SOURCE_ROOT;
		};
		"DC145A13-9D61-405C-8418-10D87C272C09" /* src */ = {
			isa = PBXGroup;
			children = (
				"07835BB1-1EE3-4FFE-9934-E7ECBD8ED449" /* ofxTskokmtTranslator.cpp */,
				"833B5C29-4AD1-4BF9-9DCA-3080FC02A614" /* ofxTskokmtTranslator.h */,
			);
			name = src;
			path = src/addons/ofxTskokmtTranslator/src;
			sourceTree = SOURCE_ROOT;
		};
		E4B69B4A0A3A1720003C02F2 = {
			isa = PBXGroup;
			children = (
				191CD6FA2847E21E0085CBB6 /* of.entitlements */,
				E4B6FCAD0C3E899E008CF71C /* openFrameworks-Info.plist */,
				E4EB6923138AFD0F00A09F29 /* Project.xcconfig */,
				E4B69E1C0A3A1BDC003C02F2 /* src */,
				191EF70929D778A400F35F26 /* openFrameworks */,
				BB4B014C10F69532006C3DED /* addons */,
				E4B69B5B0A3A1756003C02F2 /* objectOSMin03Debug.app */,
			);
			sourceTree = "<group>";
		};
		E4B69E1C0A3A1BDC003C02F2 /* src */ = {
			isa = PBXGroup;
			children = (
				E4B69E1D0A3A1BDC003C02F2 /* main.cpp */,
				E4B69E1E0A3A1BDC003C02F2 /* ofApp.cpp */,
				E4B69E1F0A3A1BDC003C02F2 /* ofApp.h */,
				"507B4C43-AC34-43F9-BCC0-662ED6362EBF" /* objectOS.cpp */,
				"39B57CB4-B59A-4180-8855-730D8F9B92BF" /* objectOS.h */,
				"CA8A8DE1-CEE1-4DF6-B0A2-3C1D60BE7FD4" /* colorCloud.cpp */,
				"653B941F-E275-48A9-87F4-6DFF7E3D97AD" /* colorCloud.h */,
				"9C09DC63-66CB-4EAE-B729-4DA080AA8502" /* wordCloud.cpp */,
				"7FC3FF24-C0CC-4815-9E9C-A07146E8F9C5" /* wordCloud.h */,
				"AE79B23F-C5A5-470A-B203-6AAF63E868D2" /* addons */,
				"3628D9D1-92FF-44D5-A298-29BCDF6A0A93" /* modules */,
			);
			path = src;
			sourceTree = SOURCE_ROOT;
		};
		"ED8CAA0F-9E00-4E8D-A081-ADB78806D6A2" /* src */ = {
			isa = PBXGroup;
			children = (
				"3573404B-CB05-4ADE-8AF2-8D1EEF37BF62" /* fontstash.c */,
				"1C37E42F-8C85-4DA1-AE29-52D9F736690C" /* fontstash.h */,
				"82F40B04-36EA-42B7-AE8B-D5B9EA91D103" /* stb_truetype.c */,
				"BF280667-245C-43D9-9397-89B01665B2E7" /* stb_truetype.h */,
			);
			name = src;
			sourceTree = SOURCE_ROOT;
		};
		"F5801365-65B4-49EC-939A-0EB6F1CB1A4C" /* src */ = {
			isa = PBXGroup;
			children = (
				"5867F010-15EE-48A7-9268-17D1CDC134DE" /* ofxFontStash.cpp */,
				"B58DFA03-C5AF-45A5-8C49-A0E3F3DAAAA2" /* ofxFontStash.h */,
			);
			name = src;
			sourceTree = SOURCE_ROOT;
		};
		"F77A5D29-BE0C-4CB5-B31D-B5AAE672EE7C" /* libs */ = {
			isa = PBXGroup;
			children = (
				"7A0C0125-7EE7-41A9-A02D-F35F9887831E" /* libxml2 */,
				"95780D2A-E7DD-4FCE-88D8-0E1EBB32EF0A" /* svgtiny */,
			);
			name = libs;
			sourceTree = SOURCE_ROOT;
		};
		"FABD545E-7CCA-4498-8B16-4920088C7BEC" /* src */ = {
			isa = PBXGroup;
			children = (
				"E8D097F3-4765-4CFC-AA9A-2339725D72BF" /* ofxTskokmtMath.cpp */,
				"3297960F-A950-455E-AA65-5A6B45CDABFC" /* ofxTskokmtMath.h */,
			);
			name = src;
			path = src/addons/ofxTskokmtMath/src;
			sourceTree = SOURCE_ROOT;
		};
		"FC656183-BCAE-4741-80CA-BD018AF35C5D" /* visual */ = {
			isa = PBXGroup;
			children = (
				"18146C27-313F-42D9-8FA9-9FF86770C38A" /* typography */,
			);
			name = visual;
			path = src/modules/visual;
			sourceTree = SOURCE_ROOT;
		};
/* End PBXGroup section */

/* Begin PBXNativeTarget section */
		E4B69B5A0A3A1756003C02F2 /* objectOSMin03 */ = {
			isa = PBXNativeTarget;
			buildConfigurationList = E4B69B5F0A3A1757003C02F2 /* Build configuration list for PBXNativeTarget "objectOSMin03" */;
			buildPhases = (
				E42962A92163ECCD00A6A9E2 /* Run Script — Compile OF */,
				E4B69B580A3A1756003C02F2 /* Sources */,
				E4B69B590A3A1756003C02F2 /* Frameworks */,
				E4C2427710CC5ABF004149E2 /* CopyFiles */,
				E4A5B60F29BAAAE400C2D356 /* CopyFiles */,
				19B789C429E5AB4A0082E9B8 /* ShellScript */,
			);
			buildRules = (
			);
			dependencies = (
			);
			name = objectOSMin03;
			productName = myOFApp;
			productReference = E4B69B5B0A3A1756003C02F2 /* objectOSMin03Debug.app */;
			productType = "com.apple.product-type.application";
		};
/* End PBXNativeTarget section */

/* Begin PBXProject section */
		E4B69B4C0A3A1720003C02F2 /* Project object */ = {
			isa = PBXProject;
			attributes = {
				LastUpgradeCheck = 0600;
			};
			buildConfigurationList = E4B69B4D0A3A1720003C02F2 /* Build configuration list for PBXProject "objectOSMin03" */;
			compatibilityVersion = "Xcode 3.2";
			developmentRegion = en;
			hasScannedForEncodings = 0;
			knownRegions = (
				en,
				Base,
			);
			mainGroup = E4B69B4A0A3A1720003C02F2;
			productRefGroup = E4B69B4A0A3A1720003C02F2;
			projectDirPath = "";
			projectRoot = "";
			targets = (
				E4B69B5A0A3A1756003C02F2 /* objectOSMin03 */,
			);
		};
/* End PBXProject section */

/* Begin PBXShellScriptBuildPhase section */
		19B789C429E5AB4A0082E9B8 /* ShellScript */ = {
			isa = PBXShellScriptBuildPhase;
			buildActionMask = 2147483647;
			files = (
			);
			inputFileListPaths = (
			);
			inputPaths = (
			);
			outputFileListPaths = (
			);
			outputPaths = (
			);
			runOnlyForDeploymentPostprocessing = 0;
			shellPath = /bin/sh;
			shellScript = "\"$OF_PATH/scripts/osx/xcode_project.sh\"\n";
			showEnvVarsInLog = 0;
		};
		E42962A92163ECCD00A6A9E2 /* Run Script — Compile OF */ = {
			isa = PBXShellScriptBuildPhase;
			alwaysOutOfDate = 1;
			buildActionMask = 2147483647;
			files = (
			);
			inputPaths = (
			);
			name = "Run Script — Compile OF";
			outputPaths = (
			);
			runOnlyForDeploymentPostprocessing = 0;
			shellPath = /bin/sh;
			shellScript = "echo \"💾 Compiling Openframeworks\"\nxcodebuild -project \"$OF_PATH/libs/openFrameworksCompiled/project/osx/openFrameworksLib.xcodeproj\" -target openFrameworks -configuration \"${CONFIGURATION}\"  CLANG_CXX_LANGUAGE_STANDARD=$CLANG_CXX_LANGUAGE_STANDARD MACOSX_DEPLOYMENT_TARGET=$MACOSX_DEPLOYMENT_TARGET GCC_PREPROCESSOR_DEFINITIONS=$USER_PREPROCESSOR_DEFINITIONS\n";
			showEnvVarsInLog = 0;
		};
/* End PBXShellScriptBuildPhase section */

/* Begin PBXSourcesBuildPhase section */
		E4B69B580A3A1756003C02F2 /* Sources */ = {
			isa = PBXSourcesBuildPhase;
			buildActionMask = 2147483647;
			files = (
				E4B69E200A3A1BDC003C02F2 /* main.cpp in Sources */,
				E4B69E210A3A1BDC003C02F2 /* ofApp.cpp in Sources */,
				"5146B4D8-DBCA-47E7-87B7-02FDE3684DA9" /* HStack.cpp in Sources */,
				"AC6F5A92-7512-4C4D-8D40-977E3CC43130" /* VStack.cpp in Sources */,
				"2726B851-B9EC-42E1-A086-8A32C3066BB1" /* marginBand.cpp in Sources */,
				"98DC3407-A3E4-4EA9-94B5-1193C5663543" /* ofxTskokmtFont.cpp in Sources */,
				"7AEB56BE-CFD6-4C4F-925A-4E5876231D45" /* ofxTskokmtMath.cpp in Sources */,
				"D4B9B0BE-7E48-440D-BB1D-F19E0DF825FF" /* ofxTskokmtTranslator.cpp in Sources */,
				"95D51EC2-4CE8-4232-9820-E9D6D135AA91" /* colorCloud.cpp in Sources */,
				"C75D9CE2-2F3D-4067-9913-BAB3611F1DA2" /* colorWorld.cpp in Sources */,
				"A08F13D8-E5DF-460E-98D7-23CB29D66D59" /* twoTone.cpp in Sources */,
				"20D7D7A2-9082-4EC0-ACC9-ECCDAABA99C4" /* blackCover.cpp in Sources */,
				"62FD86EB-0FBB-45B2-BFA8-F6988485FE28" /* flashCover.cpp in Sources */,
				"DB586309-030B-4B4D-9703-63B042691B99" /* oddCover.cpp in Sources */,
				"8AAD0AA8-15A2-45EB-8FE4-DF99E0B0E106" /* pikaCover.cpp in Sources */,
				"D6E0E228-5AF8-4DCD-9125-4AF59D6FA89D" /* boredomWindow.cpp in Sources */,
				"D146A04E-ED59-4C93-829A-52AEF7AC6688" /* criticalWindow.cpp in Sources */,
				"2CF4B516-6136-4F20-A7CF-E6A1D7924434" /* fromDip.cpp in Sources */,
				"34E9EEAA-7A01-4FD9-97B4-B14FC99A6059" /* noizArc.cpp in Sources */,
				"0CB395C8-6070-4389-8C1A-E5B2ADB4E0ED" /* radioWindow.cpp in Sources */,
				"5583322D-B832-4E60-AC0B-5EC6B8C60910" /* rapFlee.cpp in Sources */,
				"6604FD02-4468-4D65-AF72-CFF255DE28AE" /* rollingRoll.cpp in Sources */,
				"7337EAD2-FA76-43ED-BA01-392285B5845B" /* slitShut.cpp in Sources */,
				"A1FA6019-CE66-4A4C-A57B-09D40697E27A" /* synMeme.cpp in Sources */,
				"BAA95894-5E55-4C8D-A47B-783196994D1E" /* zigZig.cpp in Sources */,
				"45880438-D97A-4C15-9C23-D0CC76FBBD6E" /* pressRoom.cpp in Sources */,
				"C1283F51-F25F-4ABB-988C-EE7E0BF53DC9" /* emergeScreen.cpp in Sources */,
				"B8F16CA9-8690-4D94-B7C6-A52B020E75FB" /* fragScreen.cpp in Sources */,
				"E0433D77-4D56-4093-B210-2C0DBF81FEE4" /* pushGrid.cpp in Sources */,
				"CEB3EE4F-C865-4EA6-A833-218F90CD8C4D" /* slideGrid.cpp in Sources */,
				"13F1F393-6038-46AA-A785-E487AB66CF01" /* splitGrid.cpp in Sources */,
				"C7421396-E4C6-4FE9-88BE-F7608B57E2C6" /* vipGrid.cpp in Sources */,
				"FE073524-B2A6-4DE8-ACE1-84995C42C94F" /* alphaDelta.cpp in Sources */,
				"EE3BFDC0-09DD-47A2-B0BD-4591AB710809" /* curvePara.cpp in Sources */,
				"A8AB60CA-7965-49B0-8E2A-1E9F4DAEA2C0" /* objectOS.cpp in Sources */,
				"37AFB7BA-B1A2-4F56-B4EE-3FEC52C1F6F4" /* wordCloud.cpp in Sources */,
				"66513628-C4DA-499B-B12E-7EC60822A1D3" /* fontstash.c in Sources */,
				"334D3A8B-A0ED-466C-8FC2-A26947AD5C6E" /* stb_truetype.c in Sources */,
				"191BF443-2E57-42B4-9A7D-BB172CAF5690" /* ofxFontStash.cpp in Sources */,
				"C5EB0D1D-3446-447A-BFF2-E66BAF0D49B3" /* ofxSvg.cpp in Sources */,
			);
			runOnlyForDeploymentPostprocessing = 0;
		};
/* End PBXSourcesBuildPhase section */

/* Begin XCBuildConfiguration section */
		E4B69B4E0A3A1720003C02F2 /* Debug */ = {
			isa = XCBuildConfiguration;
			baseConfigurationReference = E4EB6923138AFD0F00A09F29 /* Project.xcconfig */;
			buildSettings = {
				CODE_SIGN_ENTITLEMENTS = of.entitlements;
				COPY_PHASE_STRIP = NO;
				ENABLE_TESTABILITY = YES;
				GCC_OPTIMIZATION_LEVEL = 0;
				GCC_WARN_UNUSED_VARIABLE = NO;
				HEADER_SEARCH_PATHS = (
					"$(OF_CORE_HEADERS)",
					src,
				);
				OTHER_CPLUSPLUSFLAGS = "-D__MACOSX_CORE__";
			};
			name = Debug;
		};
		E4B69B4F0A3A1720003C02F2 /* Release */ = {
			isa = XCBuildConfiguration;
			baseConfigurationReference = E4EB6923138AFD0F00A09F29 /* Project.xcconfig */;
			buildSettings = {
				CODE_SIGN_ENTITLEMENTS = of.entitlements;
				COPY_PHASE_STRIP = YES;
				GCC_OPTIMIZATION_LEVEL = 3;
				GCC_UNROLL_LOOPS = YES;
				HEADER_SEARCH_PATHS = (
					"$(OF_CORE_HEADERS)",
					src,
				);
				OTHER_CPLUSPLUSFLAGS = "-D__MACOSX_CORE__";
			};
			name = Release;
		};
		E4B69B600A3A1757003C02F2 /* Debug */ = {
			isa = XCBuildConfiguration;
			baseConfigurationReference = E4EB6923138AFD0F00A09F29 /* Project.xcconfig */;
			buildSettings = {
				ARCHS = "$(ARCHS_STANDARD)";
				COPY_PHASE_STRIP = NO;
				FRAMEWORK_SEARCH_PATHS = "$(inherited)";
				GCC_DYNAMIC_NO_PIC = NO;
				GCC_PREPROCESSOR_DEFINITIONS = USE_OFX_FONTSTASH;
				HEADER_SEARCH_PATHS = (
					"$(OF_CORE_HEADERS)",
					src,
					src/addons/ofxFrameOcean/src,
					src/addons/ofxTskokmtFont/src,
					src/addons/ofxTskokmtMath/src,
					src/addons/ofxTskokmtTranslator/src,
					src,
					src/modules/chrome,
					src/modules/cover,
					src/modules/pixel,
					src/modules,
					src/modules/screen,
					src/modules/visual/typography,
					/Users/tskokmt/Downloads/of_v0.12.0_osx_release/addons/ofxFontStash/libs,
					/Users/tskokmt/Downloads/of_v0.12.0_osx_release/addons/ofxFontStash/libs/fontstash,
					/Users/tskokmt/Downloads/of_v0.12.0_osx_release/addons/ofxFontStash/libs/fontstash/src,
					/Users/tskokmt/Downloads/of_v0.12.0_osx_release/addons/ofxFontStash/src,
					/Users/tskokmt/Downloads/of_v0.12.0_osx_release/addons/ofxFontStash/libs/fontstash/src,
					/Users/tskokmt/Downloads/of_v0.12.0_osx_release/addons/ofxSvg/libs,
					/Users/tskokmt/Downloads/of_v0.12.0_osx_release/addons/ofxSvg/libs/libxml2,
					/Users/tskokmt/Downloads/of_v0.12.0_osx_release/addons/ofxSvg/libs/libxml2/include,
					/Users/tskokmt/Downloads/of_v0.12.0_osx_release/addons/ofxSvg/libs/libxml2/include/libxml,
					/Users/tskokmt/Downloads/of_v0.12.0_osx_release/addons/ofxSvg/libs/libxml2/lib,
					/Users/tskokmt/Downloads/of_v0.12.0_osx_release/addons/ofxSvg/libs/libxml2/lib/emscripten,
					/Users/tskokmt/Downloads/of_v0.12.0_osx_release/addons/ofxSvg/libs/libxml2/lib/osx,
					/Users/tskokmt/Downloads/of_v0.12.0_osx_release/addons/ofxSvg/libs/libxml2/license,
					/Users/tskokmt/Downloads/of_v0.12.0_osx_release/addons/ofxSvg/libs/svgtiny,
					/Users/tskokmt/Downloads/of_v0.12.0_osx_release/addons/ofxSvg/libs/svgtiny/include,
					/Users/tskokmt/Downloads/of_v0.12.0_osx_release/addons/ofxSvg/libs/svgtiny/lib,
					/Users/tskokmt/Downloads/of_v0.12.0_osx_release/addons/ofxSvg/libs/svgtiny/lib/emscripten,
					/Users/tskokmt/Downloads/of_v0.12.0_osx_release/addons/ofxSvg/libs/svgtiny/lib/osx,
					/Users/tskokmt/Downloads/of_v0.12.0_osx_release/addons/ofxSvg/libs/svgtiny/license,
					/Users/tskokmt/Downloads/of_v0.12.0_osx_release/addons/ofxSvg/src,
				);
				LIBRARY_SEARCH_PATHS = "$(inherited)";
				OTHER_LDFLAGS = (
					"$(OF_CORE_LIBS)",
					"$(OF_CORE_FRAMEWORKS)",
					"$(LIB_OF_DEBUG)",
					/Users/tskokmt/Downloads/of_v0.12.0_osx_release/addons/ofxSvg/libs/svgtiny/lib/osx/svgtiny.a,
					/Users/tskokmt/Downloads/of_v0.12.0_osx_release/addons/ofxSvg/libs/libxml2/lib/osx/xml2.a,
				);
			};
			name = Debug;
		};
		E4B69B610A3A1757003C02F2 /* Release */ = {
			isa = XCBuildConfiguration;
			baseConfigurationReference = E4EB6923138AFD0F00A09F29 /* Project.xcconfig */;
			buildSettings = {
				ARCHS = "$(ARCHS_STANDARD)";
				COPY_PHASE_STRIP = YES;
				FRAMEWORK_SEARCH_PATHS = "$(inherited)";
				GCC_PREPROCESSOR_DEFINITIONS = USE_OFX_FONTSTASH;
				HEADER_SEARCH_PATHS = (
					"$(OF_CORE_HEADERS)",
					src,
					src/addons/ofxFrameOcean/src,
					src/addons/ofxTskokmtFont/src,
					src/addons/ofxTskokmtMath/src,
					src/addons/ofxTskokmtTranslator/src,
					src,
					src/modules/chrome,
					src/modules/cover,
					src/modules/pixel,
					src/modules,
					src/modules/screen,
					src/modules/visual/typography,
					/Users/tskokmt/Downloads/of_v0.12.0_osx_release/addons/ofxFontStash/libs,
					/Users/tskokmt/Downloads/of_v0.12.0_osx_release/addons/ofxFontStash/libs/fontstash,
					/Users/tskokmt/Downloads/of_v0.12.0_osx_release/addons/ofxFontStash/libs/fontstash/src,
					/Users/tskokmt/Downloads/of_v0.12.0_osx_release/addons/ofxFontStash/src,
					/Users/tskokmt/Downloads/of_v0.12.0_osx_release/addons/ofxFontStash/libs/fontstash/src,
					/Users/tskokmt/Downloads/of_v0.12.0_osx_release/addons/ofxSvg/libs,
					/Users/tskokmt/Downloads/of_v0.12.0_osx_release/addons/ofxSvg/libs/libxml2,
					/Users/tskokmt/Downloads/of_v0.12.0_osx_release/addons/ofxSvg/libs/libxml2/include,
					/Users/tskokmt/Downloads/of_v0.12.0_osx_release/addons/ofxSvg/libs/libxml2/include/libxml,
					/Users/tskokmt/Downloads/of_v0.12.0_osx_release/addons/ofxSvg/libs/libxml2/lib,
					/Users/tskokmt/Downloads/of_v0.12.0_osx_release/addons/ofxSvg/libs/libxml2/lib/emscripten,
					/Users/tskokmt/Downloads/of_v0.12.0_osx_release/addons/ofxSvg/libs/libxml2/lib/osx,
					/Users/tskokmt/Downloads/of_v0.12.0_osx_release/addons/ofxSvg/libs/libxml2/license,
					/Users/tskokmt/Downloads/of_v0.12.0_osx_release/addons/ofxSvg/libs/svgtiny,
					/Users/tskokmt/Downloads/of_v0.12.0_osx_release/addons/ofxSvg/libs/svgtiny/include,
					/Users/tskokmt/Downloads/of_v0.12.0_osx_release/addons/ofxSvg/libs/svgtiny/lib,
					/Users/tskokmt/Downloads/of_v0.12.0_osx_release/addons/ofxSvg/libs/svgtiny/lib/emscripten,
					/Users/tskokmt/Downloads/of_v0.12.0_osx_release/addons/ofxSvg/libs/svgtiny/lib/osx,
					/Users/tskokmt/Downloads/of_v0.12.0_osx_release/addons/ofxSvg/libs/svgtiny/license,
					/Users/tskokmt/Downloads/of_v0.12.0_osx_release/addons/ofxSvg/src,
				);
				LIBRARY_SEARCH_PATHS = "$(inherited)";
				OTHER_LDFLAGS = (
					"$(OF_CORE_LIBS)",
					"$(OF_CORE_FRAMEWORKS)",
					"$(LIB_OF)",
					/Users/tskokmt/Downloads/of_v0.12.0_osx_release/addons/ofxSvg/libs/svgtiny/lib/osx/svgtiny.a,
					/Users/tskokmt/Downloads/of_v0.12.0_osx_release/addons/ofxSvg/libs/libxml2/lib/osx/xml2.a,
				);
				baseConfigurationReference = E4EB6923138AFD0F00A09F29;
			};
			name = Release;
		};
/* End XCBuildConfiguration section */

/* Begin XCConfigurationList section */
		E4B69B4D0A3A1720003C02F2 /* Build configuration list for PBXProject "objectOSMin03" */ = {
			isa = XCConfigurationList;
			buildConfigurations = (
				E4B69B4E0A3A1720003C02F2 /* Debug */,
				E4B69B4F0A3A1720003C02F2 /* Release */,
			);
			defaultConfigurationIsVisible = 0;
			defaultConfigurationName = Release;
		};
		E4B69B5F0A3A1757003C02F2 /* Build configuration list for PBXNativeTarget "objectOSMin03" */ = {
			isa = XCConfigurationList;
			buildConfigurations = (
				E4B69B600A3A1757003C02F2 /* Debug */,
				E4B69B610A3A1757003C02F2 /* Release */,
			);
			defaultConfigurationIsVisible = 0;
			defaultConfigurationName = Release;
		};
/* End XCConfigurationList section */
	};
	rootObject = E4B69B4C0A3A1720003C02F2 /* Project object */;
}
